{
  "version": 4,
  "terraform_version": "1.2.7",
  "serial": 540,
  "lineage": "50dc0fdb-3bcc-46e2-75ab-afe37133cf79",
  "outputs": {
    "ethereum_node": {
      "value": "ip-10-0-1-43.ec2.internal",
      "type": "string"
    },
    "ethereum_node_public": {
      "value": "ec2-34-206-203-189.compute-1.amazonaws.com",
      "type": "string"
    },
    "ethereum_validator": {
      "value": "ip-10-0-128-168.ec2.internal",
      "type": "string"
    }
  },
  "resources": [
    {
      "mode": "data",
      "type": "aws_iam_policy_document",
      "name": "instance_assume_role",
      "provider": "provider[\"registry.terraform.io/hashicorp/aws\"]",
      "instances": [
        {
          "schema_version": 0,
          "attributes": {
            "id": "2851119427",
            "json": "{\n  \"Version\": \"2012-10-17\",\n  \"Statement\": [\n    {\n      \"Effect\": \"Allow\",\n      \"Action\": \"sts:AssumeRole\",\n      \"Principal\": {\n        \"Service\": \"ec2.amazonaws.com\"\n      }\n    }\n  ]\n}",
            "minified_json": "{\"Version\":\"2012-10-17\",\"Statement\":[{\"Effect\":\"Allow\",\"Action\":\"sts:AssumeRole\",\"Principal\":{\"Service\":\"ec2.amazonaws.com\"}}]}",
            "override_json": null,
            "override_policy_documents": null,
            "policy_id": null,
            "source_json": null,
            "source_policy_documents": null,
            "statement": [
              {
                "actions": [
                  "sts:AssumeRole"
                ],
                "condition": [],
                "effect": "Allow",
                "not_actions": [],
                "not_principals": [],
                "not_resources": [],
                "principals": [
                  {
                    "identifiers": [
                      "ec2.amazonaws.com"
                    ],
                    "type": "Service"
                  }
                ],
                "resources": [],
                "sid": ""
              }
            ],
            "version": "2012-10-17"
          },
          "sensitive_attributes": []
        }
      ]
    },
    {
      "mode": "data",
      "type": "cloudinit_config",
      "name": "ethereum_node",
      "provider": "provider[\"registry.terraform.io/hashicorp/cloudinit\"]",
      "instances": [
        {
          "schema_version": 0,
          "attributes": {
            "base64_encode": true,
            "boundary": "MIMEBOUNDARY",
            "gzip": true,
            "id": "185086245",
            "part": [
              {
                "content": "#cloud-config\nhostname: ethereum-node\ncreate_hostname_file: true\n\ngroups:\n  - eth-jwt\n\nwrite_files:\n- path: /etc/systemd/system/geth.service\n  content: |\n    [Unit]\n\n    Description=Geth Full Node\n    After=network-online.target\n    Wants=network-online.target\n\n    [Service]\n    Type=simple\n    Restart=always\n    RestartSec=5s\n    User=geth\n    WorkingDirectory=/home/geth\n    ExecStart=/usr/bin/geth \\\n      --http \\\n      --http.api eth,net,engine,admin \\\n      --hoodi \\\n      --datadir /home/geth/hoodi_data \\\n      --authrpc.jwtsecret /var/lib/secrets/jwt.hex\n\n    [Install]\n    WantedBy=multi-user.target\n  permissions: '0644'\n- path: /etc/systemd/system/prysm-beacon.service\n  content: |\n    [Unit]\n\n    Description=Prysm Beacon Chain\n    After=network-online.target\n    Wants=network-online.target\n\n    [Service]\n    Type=simple\n    Restart=always\n    RestartSec=5s\n    User=prysm-beacon\n    WorkingDirectory=/home/prysm-beacon\n    ExecStart=/home/prysm-beacon/bin/prysm.sh beacon-chain \\\n      --hoodi \\\n      --datadir /home/prysm-beacon/beacon_data \\\n      --execution-endpoint http://127.0.0.1:8551 \\\n      --jwt-secret /var/lib/secrets/jwt.hex \\\n      --checkpoint-sync-url https://hoodi.beaconstate.info \\\n      --p2p-host-ip 34.206.203.189 \\\n      --rpc-host $PRYSM_BEACON_RPC_HOST \\\n      --accept-terms-of-use\n\n    [Install]\n    WantedBy=multi-user.target\n  permissions: '0644'\n- path: /etc/systemd/system/dnsupdate.service\n  content: |\n    [Unit]\n    Description=Update ethereum node resource record\n    After=network-online.target\n    Wants=network-online.target\n\n    [Service]\n    Type=oneshot\n    ExecStart=/usr/local/bin/updatednsrecord.sh\n    RemainAfterExit=yes \n\n    [Install]\n    WantedBy=multi-user.target\n  permissions: '0644'\n\n- path: /usr/local/bin/updatednsrecord.sh\n  content: |\n    #!/bin/bash\n    PRIVATE_IP=$(hostname -I)\n\n    # Your domain and hosted zone ID\n    HOSTED_ZONE_ID=Z03062132FFJ0WUA8G71N\n    RECORD_NAME=\"ethereum-node.staking.internal\"\n\n    # Create a JSON file to change the A record\n    cat \u003c\u003cEOF \u003e /tmp/route53_changes.json\n    {\n      \"Comment\":\"Update A record for $RECORD_NAME to $PRIVATE_IP\",\n      \"Changes\":[\n        {\n          \"Action\":\"UPSERT\",\n          \"ResourceRecordSet\":{\n            \"Name\":\"$RECORD_NAME\",\n            \"Type\":\"A\",\n            \"TTL\":10,\n            \"ResourceRecords\":[\n              {\n                \"Value\":\"$PRIVATE_IP\"\n              }\n            ]\n          }\n        }\n      ]\n    }\n    EOF\n\n    # Use AWS CLI to update the Route 53 record set\n    aws route53 change-resource-record-sets --hosted-zone-id $HOSTED_ZONE_ID --change-batch file:///tmp/route53_changes.json\n  permissions: '0550'\n",
                "content_type": "text/cloud-config",
                "filename": "cloud-config.yaml",
                "merge_type": null
              },
              {
                "content": "#!/usr/bin/env bash\nadduser --home /home/geth --disabled-password --gecos 'Geth Client' geth\nadduser --home /home/prysm-beacon --disabled-password  -gecos 'Prysm Beacon Client' prysm-beacon\nusermod -a -G eth-jwt geth\nusermod -a -G eth-jwt prysm-beacon\n\n# Add APT repo\nadd-apt-repository -y ppa:ethereum/ethereum\napt -y update\napt-get install ethereum -y\napt-get install unzip -y\ncurl https://awscli.amazonaws.com/awscli-exe-linux-x86_64.zip -o awscliv2.zip\nunzip -q awscliv2.zip\n./aws/install\nrm -rf ./awscliv2.zip\nrm -rf ./aws\n\n# Create secret for geth/prysm-beacom authentication\nmkdir -p /var/lib/secrets\nopenssl rand -hex 32 \u003e /var/lib/secrets/jwt.hex\nchgrp -R eth-jwt /var/lib/secrets\nchmod 750 /var/lib/secrets/\nchmod 640 /var/lib/secrets/jwt.hex\n\n# Create datadir for geth\nmkdir /home/geth/hoodi_data\nchown geth:geth /home/geth/hoodi_data\nchmod 770 /home/geth/hoodi_data\n\n# Create datadir for prysm beacon\nmkdir /home/prysm-beacon/beacon_data\nchown prysm-beacon:prysm-beacon /home/prysm-beacon/beacon_data\nchmod 770 /home/prysm-beacon/beacon_data\n\n# Install prysm beacon\nmkdir /home/prysm-beacon/bin\ncurl -s https://raw.githubusercontent.com/OffchainLabs/prysm/master/prysm.sh --output /home/prysm-beacon/bin/prysm.sh\nchown -R prysm-beacon:prysm-beacon /home/prysm-beacon/bin\nchmod 750 /home/prysm-beacon/bin\nchmod 550 /home/prysm-beacon/bin/prysm.sh\n\n# Systemctl\nsystemctl set-environment PRYSM_BEACON_RPC_HOST=$(hostname -I)\nsystemctl daemon-reload\n",
                "content_type": "text/x-shellscript",
                "filename": "01_setup-ethereum-node.sh",
                "merge_type": null
              },
              {
                "content": "#!/usr/bin/env bash\necho \"Checking geth data volume\"\n\nGETH_DATA_VOLUME_ID=vol-0d8662c1b403d36ca\nGETH_DATA_VOLUME_ID=$(echo $GETH_DATA_VOLUME_ID | tr -d '-')\necho \"EBS GETH_DATA_VOLUME_ID=$GETH_DATA_VOLUME_ID\"\n\nBLOCK_DEVICE=$(lsblk -d -o NAME,SERIAL | grep \"$GETH_DATA_VOLUME_ID\" | awk '{print \"/dev/\"$1}')\necho \"BLOCK_DEVICE=$BLOCK_DEVICE\"\n\nBLOCK_DEVICE_STATUS=$(file -s $BLOCK_DEVICE | cut -d':' -f2 | tr -d ' ')\necho \"BLOCK_DEVICE_STATUS=$BLOCK_DEVICE_STATUS\"\n\nif [ $BLOCK_DEVICE_STATUS == \"data\" ]\nthen\n  echo Volume $GETH_DATA_VOLUME_ID is a raw device in $BLOCK_DEVICE\n  echo Formating device $BLOCK_DEVICE\n  mkfs -t xfs $BLOCK_DEVICE\n\n  echo Updating /etc/fstab\n  UUID=$(blkid $BLOCK_DEVICE | awk '{print $2}' | tr -d \"\\\"\")\n  cp /etc/fstab /etc/fstab-edit-geth\n  echo \"$UUID   /home/geth/hoodi_data   xfs     defaults,nofail 0 2\" \u003e\u003e /etc/fstab-edit-geth\n  mv /etc/fstab-edit-geth /etc/fstab\n  systemctl daemon-reload\n\n  echo Mounting device $BLOCK_DEVICE on /home/geth/hoodi_data\n  mount /home/geth/hoodi_data\n  chown geth:geth /home/geth/hoodi_data\n  chmod 770 /home/geth/hoodi_data\nelse\n  echo Volume $GETH_DATA_VOLUME_ID is a formatted filesystem\n\n  echo Updating /etc/fstab\n  UUID=$(blkid $BLOCK_DEVICE | awk '{print $2}' | tr -d \"\\\"\")\n  cp /etc/fstab /etc/fstab-edit-geth\n  echo \"$UUID   /home/geth/hoodi_data   xfs     defaults,nofail 0 2\" \u003e\u003e /etc/fstab-edit-geth\n  mv /etc/fstab-edit-geth /etc/fstab\n  systemctl daemon-reload\n\n  echo Mounting device $BLOCK_DEVICE on /home/geth/hoodi_data\n  mount /home/geth/hoodi_data\n  chown geth:geth /home/geth/hoodi_data\n  chmod 770 /home/geth/hoodi_data\nfi\n",
                "content_type": "text/x-shellscript",
                "filename": "02_setup-geth-data-volume.sh",
                "merge_type": null
              },
              {
                "content": "#!/usr/bin/env bash\necho \"Checking prysm beacon data volume\"\n\nPRYSM_DATA_VOLUME_ID=vol-0bb664f40af28e263\nPRYSM_DATA_VOLUME_ID=$(echo $PRYSM_DATA_VOLUME_ID | tr -d '-')\necho \"EBS PRYSM_DATA_VOLUME_ID=$PRYSM_DATA_VOLUME_ID\"\n\nBLOCK_DEVICE=$(lsblk -d -o NAME,SERIAL | grep \"$PRYSM_DATA_VOLUME_ID\" | awk '{print \"/dev/\"$1}')\necho \"BLOCK_DEVICE=$BLOCK_DEVICE\"\n\nBLOCK_DEVICE_STATUS=$(file -s $BLOCK_DEVICE | cut -d':' -f2 | tr -d ' ')\necho \"BLOCK_DEVICE_STATUS=$BLOCK_DEVICE_STATUS\"\n\nif [ $BLOCK_DEVICE_STATUS == \"data\" ]\nthen\n  echo Volume $PRYSM_DATA_VOLUME_ID is a raw device in $BLOCK_DEVICE\n  echo Formating device $BLOCK_DEVICE\n  mkfs -t xfs $BLOCK_DEVICE\n\n  echo Updating /etc/fstab\n  UUID=$(blkid $BLOCK_DEVICE | awk '{print $2}' | tr -d \"\\\"\")\n  cp /etc/fstab /etc/fstab-edit-prysm-beacon\n  echo \"$UUID   /home/prysm-beacon/beacon_data   xfs     defaults,nofail 0 2\" \u003e\u003e /etc/fstab-edit-prysm-beacon\n  mv /etc/fstab-edit-prysm-beacon /etc/fstab\n  systemctl daemon-reload\n\n  echo Mounting device $BLOCK_DEVICE on /home/prysm-beacon/beacon_data\n  mount /home/prysm-beacon/beacon_data\n  chown prysm-beacon:prysm-beacon /home/prysm-beacon/beacon_data\n  chmod 770 /home/prysm-beacon/beacon_data\nelse\n  echo Volume $PRYSM_DATA_VOLUME_ID is a formatted filesystem\n\n  echo Updating /etc/fstab\n  UUID=$(blkid $BLOCK_DEVICE | awk '{print $2}' | tr -d \"\\\"\")\n  cp /etc/fstab /etc/fstab-edit-prysm-beacon\n  echo \"$UUID   /home/prysm-beacon/beacon_data   xfs     defaults,nofail 0 2\" \u003e\u003e /etc/fstab-edit-prysm-beacon\n  mv /etc/fstab-edit-prysm-beacon /etc/fstab\n  systemctl daemon-reload\n\n  echo Mounting device $BLOCK_DEVICE on /home/prysm-beacon/beacon_data\n  mount /home/prysm-beacon/beacon_data\n  chown prysm-beacon:prysm-beacon /home/prysm-beacon/beacon_data\n  chmod 770 /home/prysm-beacon/beacon_data\nfi\n",
                "content_type": "text/x-shellscript",
                "filename": "03_setup-prysm-beacon-data-volume.sh",
                "merge_type": null
              }
            ],
            "rendered": "H4sIAAAAAAAA/+xZbW/bOPJ/L6DfYVYxkC4QSo6TuPlr1ws4idPN/vMEO8liHwqDlsYWG4nUkVQc77bf/UBKtmVHTtvtFde7276JyBnODIc/zvzoHguukWtyM8swgDRPNMuo1H7KHjH6DkYi5xGVs457cXbRO7q6vTzp9n9xHTMidygVEzyAXa/5wnnhEFJVeuHMbZ8wlQnFtNWlWtMwTpHr72DMEuQ0xY4bJiKPSCj4mE28GU0Td7n8RlKuxihJj4ciYnwSwKsR0xUFG7vGR+1X7bxwLliKT6Lcquo4sVDahBAA6hgl5inhIkInlEg1DufioQk1AC1zdJyJFHmmAgeAmFXk7VQ7zlQyXaipwCGQUR0H4KMOfTVTGtOo/OtPUMeeQvnAQnQAwmITAbxzAAB+u+VMv3Hs9wmqULLM5K3zGnUMp3mSwKUJz4i7Y42yw1FPhbwngieMo6epnKC28p8p12qDvPA1KKJ4Y0cmix3F0iwpzPdRaSp1hyZTOlPVqQGGnYNi5lah7JgdFR6FvGd8csIkhlrIWcePRYr+Qt57xHBgjfq5kv6IcSuD360UgJBY62xt6NGMmTTvcNQ7yCeM4w6NUsarekJErDKOqKYRk7D071uVoRFU9GiuY5mF3tupVhhK1OA/UOknbOQXY+W/nWovxscyY2dcaZokbxYJxuho1rHXhuQK5TL/GcqUKYM8FcB2s72/v/0sLDI5UykZIQ0F/3R4XJvVcGRXw3FMGf+6IFLd3XNQeaJXgcwTBQsgO+GpGIo5EprNfzQ0Vs3ZP+sYwUcMc5NkgjzKBOMaDCwD399tvfKaXtPbDQ4PDnYrS95ONfkAniraYYzhvTVM1IyHJJeJ9aACv0CtVwSmNNXoMT4WlcVZKyOmSBGWwd6+12q2vVZzz9s9/L+KksxCqwSN6/4vg4vhUa97fHU57F8fD3+8GtxUL0QYYqaJRpkqIsYG018c+RFXeRaZvX0I9uuov7XLFpUbTOUGiUrkMjQfoZDRF7sHgqOKha4rbIkIaWLRWWws4qoIxlNxeUtSyriNqvfIdGeGCv4leV4m+iPiWEvy1jdWdUTLIK/7Z3fdm97w7LrTeDlvhEDOvi0i3YJfRC4hEmYrQHkERgcj+ENwhLMTq2Tg1TsZ/np12RuenXR+be41263dvdbp6U/Nn2+7h69f7V4WGekdX/VPhpfdi17HXWnFntLUlAqPcY2S08Sd+z+2PRoo/DS4urRkArSAMKZ8gqBjhG4VAyHV8P33vatT+AF8nWa+FLnGg71hsUB5b1VZc/4sr4N7LFJDVNzALZE2NwhjIaFRidk4biwT5u4sTBTG3eC3cmZp3sq7oUGy8XA96PVvFgutsF9CuW+dDlC7QXUxgHtJU3QDtxrKigkA14DVDdzuk/mbczfYba7Nrrpciftp9OWaO5rkNopKAta03q+M3zh1kvlXIS1GvavT+WnfKoTuzwM4Pj8z2S4QbY+5bw4SDvbmh6PKW02nCspDLlFB5sWBFKpEoVa2SRjkEoNcwiJorMLW1mi7fER1GFukBb7/HIjW7ubBQXP78whyc3eoUOcZWbsb8V8kyo9ExZgkRS3dxJS/WdA05A9gCwONIlOFbM5SrBAs01qZoqMEI5JRpabmJAiZYCgUbFv6epww5HobLB+sNVRtx7UGYW5wlfCUhlfYg7GeiggIBfJ6ztML3/WildXOFnSjCLrXNyAxEyZcQjNNzEAxw1iAzCDLaDA/EH/+4dBMG2GBUDMiE9TAisK+7FZk9kSW8z9YZgRhlQTQqQoT5tGU/iE4nSovFGk5adgJSRjPH8njYXvY3vesAQGF+KFlxk5p9h+rs56x4ZeuHZkCkWPw/BWd6qzJSVlyS3JjqqAl15XUpWBINXLNQmoA7aT3hm6R7AkVckSGXKkEpGkexJCivZYpzpsoeBhPZAakvzixJxbD2Bzrq4PmUyOlrL1fI1tw/MUG5yxxvsNyF7XvCSeMxZRbtcDehE1aNrZXzQ3yeuc2syW3XQliE3Mto6mKg5Vr9cHlq2FuVHS2oOQqHxsk4wWuiVpAW9KpN2E6zkfmTpaExOL7ajy2VP6cjlRhx0+p0iiXjJ8Qkess1xucLRTLlJD+J2bFxLsE1HMKBxsVlkE4WzCwhDfUiaPmX6ZZEeQPTApuaj7UMvR1ArZcHlFMBScSE0Gjz2wxrbLFGGTadxJ5EEme/hu6DIaxMNwJQ8P87NWytwKKgFzHed27+XF40r3pDu+uzm8vLLt8EAlpRoftdivcHe0396K9dkhrNRsvrYdGjQzegZZAItgm29+WgfSOBlBrpmbSdZyj86vj/x+e9O7OjnudxstEjZJ7Y5EIMARtZ9Drn3XP4R1MJGbg1lqBd0Cn97D9ZybNi9P1I3zw3cbu+0VQq16qo7UQhoOb7s3toNN4aSkyUbCiDe8gzDWQaDvYBjJuLRMAtb4W5momXcdhY/gN6mTQ6YBrDtGFN47pEA6AtX5nz7T+MJgCCpJOIULz/ALGV23PbZwKmVJtsFIqrmul92MFRMPjeG37ztyEpfjGgn2jjpWmIwfg9tbCZZTcG164lrfqCTVa77cXqXN/d91vzQsrq1irfBKMmO388dy72zCeADb8ZAU2cPMvwjHNE612uBhTlkATWi788MMm4+lDrWR1k5vKyTy4C5HzjcmFRfVc72gAqVm4UfpxfdPoPd85MVH40WAaW6SYd6r9rdbu/G8M/MdjYMw+s/ntlc2v2sC/qiZYJVlrzbDgDHXdcDRqt/fH+006bh1iq71Xrzpvh3XCTf2w3lDd7F/oiLVm/gdbYu2B/Ff3xLX/AKirixt/s//0ArnmraZQrj4SvkDB3Pi+Wq2cz6h95oPvaW3dqFrXaDdD9CvrtH8j6ytGVk37JuSF888AAAD//7NFy2ieIAAA"
          },
          "sensitive_attributes": []
        }
      ]
    },
    {
      "mode": "data",
      "type": "cloudinit_config",
      "name": "ethereum_validator",
      "provider": "provider[\"registry.terraform.io/hashicorp/cloudinit\"]",
      "instances": [
        {
          "schema_version": 0,
          "attributes": {
            "base64_encode": true,
            "boundary": "MIMEBOUNDARY",
            "gzip": true,
            "id": "1761694973",
            "part": [
              {
                "content": "#cloud-config\nhostname: ethereum-validator\ncreate_hostname_file: true\n\nwrite_files:\n- path: /etc/systemd/system/prysm-val.service\n  content: |\n    [Unit]\n\n    Description=Prysm Validator Client\n    After=prysm-beacon.target\n    Wants=prysm-beacon.target\n\n    [Service]\n    Type=simple\n    Restart=always\n    RestartSec=5s\n    User=prysm-val\n    WorkingDirectory=/home/prysm-val\n    ExecStart=/home/prysm-val/bin/prysm.sh validator \\\n      --hoodi \\\n      --datadir /home/prysm-val/validator_data/data \\\n      --wallet-dir /home/prysm-val/validator_data/wallet \\\n      --wallet-password-file /home/prysm-val/validator_data/wallet-password.txt \\\n      --beacon-rpc-provider ethereum-node.staking.internal:4000 \\\n      --accept-terms-of-use\n\n    [Install]\n    WantedBy=multi-user.target\n  permissions: '0644'\n\n- path: /run/prysm-import-keys/validator_keys.tar\n  encoding: b64\n  content: Li92YWxpZGF0b3Jfa2V5cy8AAAAAAAAAAAAAAAAAAAAAAAAAAAAAAAAAAAAAAAAAAAAAAAAAAAAAAAAAAAAAAAAAAAAAAAAAAAAAAAAAAAAAAAAAAAAAAAAAAAAAAAAAAAAAADAwMDA3NzUAMDAwMTc1MAAwMDAxNzUwADAwMDAwMDAwMDAwADE1MTU0NjMyNzA1ADAxNTc1MwAgNQAAAAAAAAAAAAAAAAAAAAAAAAAAAAAAAAAAAAAAAAAAAAAAAAAAAAAAAAAAAAAAAAAAAAAAAAAAAAAAAAAAAAAAAAAAAAAAAAAAAAAAAAAAAAAAAAAAAAAAAAAAAAAAAAAAAAB1c3RhciAgAHJ1eW9saXZlaXJhAAAAAAAAAAAAAAAAAAAAAAAAAAAAcnV5b2xpdmVpcmEAAAAAAAAAAAAAAAAAAAAAAAAAAAAAAAAAAAAAAAAAAAAAAAAAAAAAAAAAAAAAAAAAAAAAAAAAAAAAAAAAAAAAAAAAAAAAAAAAAAAAAAAAAAAAAAAAAAAAAAAAAAAAAAAAAAAAAAAAAAAAAAAAAAAAAAAAAAAAAAAAAAAAAAAAAAAAAAAAAAAAAAAAAAAAAAAAAAAAAAAAAAAAAAAAAAAAAAAAAAAAAAAAAAAAAAAAAAAAAAAAAAAAAAAAAAAAAAAAAAAAAAAAAAAAAAAuL3ZhbGlkYXRvcl9rZXlzL2RlcG9zaXRfZGF0YS0xNzczMzUyMzg4Lmpzb24AAAAAAAAAAAAAAAAAAAAAAAAAAAAAAAAAAAAAAAAAAAAAAAAAAAAAAAAAAAAAAAAAAAAAAAAAMDAwMDQwMAAwMDAxNzUwADAwMDE3NTAAMDAwMDAwMDEzMDAAMTUxNTQ2MzI3MDUAMDIyMzYwACAwAAAAAAAAAAAAAAAAAAAAAAAAAAAAAAAAAAAAAAAAAAAAAAAAAAAAAAAAAAAAAAAAAAAAAAAAAAAAAAAAAAAAAAAAAAAAAAAAAAAAAAAAAAAAAAAAAAAAAAAAAAAAAAAAAAAAAHVzdGFyICAAcnV5b2xpdmVpcmEAAAAAAAAAAAAAAAAAAAAAAAAAAABydXlvbGl2ZWlyYQAAAAAAAAAAAAAAAAAAAAAAAAAAAAAAAAAAAAAAAAAAAAAAAAAAAAAAAAAAAAAAAAAAAAAAAAAAAAAAAAAAAAAAAAAAAAAAAAAAAAAAAAAAAAAAAAAAAAAAAAAAAAAAAAAAAAAAAAAAAAAAAAAAAAAAAAAAAAAAAAAAAAAAAAAAAAAAAAAAAAAAAAAAAAAAAAAAAAAAAAAAAAAAAAAAAAAAAAAAAAAAAAAAAAAAAAAAAAAAAAAAAAAAAAAAAAAAAAAAAAAAAAAAAAAAAFt7InB1YmtleSI6ICI5NTY1OWUyMDNhZTliMjhmZjM5YTQ0ZWMwZDQxY2JmZGJiMzJlNDdkYjBhMzFjMDY2NGUyMmJiZjdiOTQ1ODBhZWMwNTE0NzM2YjdmOTAyZmNhMWY1MTkxN2I4MzBjZjEiLCAid2l0aGRyYXdhbF9jcmVkZW50aWFscyI6ICIwMTAwMDAwMDAwMDAwMDAwMDAwMDAwMDBhNzQzOTZiZTEwMzcwZjVmMDE0ZWI4YzZhZTBjMjdjZDZhYTE0MTk4IiwgImFtb3VudCI6IDMyMDAwMDAwMDAwLCAic2lnbmF0dXJlIjogIjg0YjU1OGVjNzFiMjliMTIzN2U5Mzk3YjRlMGVmMmNiZDYxZTA1Nzc0N2Y3ODMxODM2ZTAyYWRkZTE0M2RmOTE0NjAyYmI3NTk0YWZkZDc2MjZlZTRkZjM1OWExMWQzMzE3ZDE0YTQ5OTM5ZWIwODllNzM3MDRhYjI5N2U0NzcyZGNmNzljYmUxMjdjYmVhMTc3MWM5NWVkNzY1ZmE4YWFhYWFhYWU3YjBmYjRiNWJmYWQxYmIzZjI3ZWU1YmI0MSIsICJkZXBvc2l0X21lc3NhZ2Vfcm9vdCI6ICIzYjgyMDZlMjQzNzMwYmE3MmY5NjM3NmQ4NzZmZjNkMmY0OTRlYjY4YjUzMzE0MjI5NTBmMTAyNWU0YmIxYzkyIiwgImRlcG9zaXRfZGF0YV9yb290IjogIjc4ZmEzYjIzODBhODFhMDJmZjdiMzE0ZjI4ZjMxM2RjYmE5ZTJjZTkwZDVjOGE5M2E4MTBhN2ExNjRmYzBiYWQiLCAiZm9ya192ZXJzaW9uIjogIjEwMDAwOTEwIiwgIm5ldHdvcmtfbmFtZSI6ICJob29kaSIsICJkZXBvc2l0X2NsaV92ZXJzaW9uIjogIjEuMi4yIn1dAAAAAAAAAAAAAAAAAAAAAAAAAAAAAAAAAAAAAAAAAAAAAAAAAAAAAAAAAAAAAAAAAAAAAAAAAAAAAAAAAAAAAAAAAAAAAAAAAAAAAAAAAAAAAAAAAAAAAAAAAAAAAAAAAAAAAAAAAAAAAAAAAAAAAAAAAAAAAAAAAAAAAAAAAAAAAAAAAAAAAAAAAAAAAAAAAAAAAAAAAAAAAAAAAAAAAAAAAAAAAAAAAAAAAAAAAAAAAAAAAAAAAAAAAAAAAAAAAAAAAAAAAAAAAAAAAAAAAAAAAAAAAAAAAAAAAAAAAAAAAAAAAAAAAAAAAAAAAAAAAAAAAAAAAAAAAAAAAAAAAAAAAAAAAAAAAAAAAAAAAAAAAAAAAAAAAAAAAAAAAAAAAAAAAAAAAAAAAAAAAAAAAAAAAAAAAAAAAAAAAAAAAAAuL3ZhbGlkYXRvcl9rZXlzL2tleXN0b3JlLW1fMTIzODFfMzYwMF8wXzBfMC0xNzczMzUyMzg4Lmpzb24AAAAAAAAAAAAAAAAAAAAAAAAAAAAAAAAAAAAAAAAAAAAAAAAAAAAAMDAwMDQwMAAwMDAxNzUwADAwMDE3NTAAMDAwMDAwMDEzMDYAMTUxNTQ2MzI3MDUAMDI0MTEwACAwAAAAAAAAAAAAAAAAAAAAAAAAAAAAAAAAAAAAAAAAAAAAAAAAAAAAAAAAAAAAAAAAAAAAAAAAAAAAAAAAAAAAAAAAAAAAAAAAAAAAAAAAAAAAAAAAAAAAAAAAAAAAAAAAAAAAAHVzdGFyICAAcnV5b2xpdmVpcmEAAAAAAAAAAAAAAAAAAAAAAAAAAABydXlvbGl2ZWlyYQAAAAAAAAAAAAAAAAAAAAAAAAAAAAAAAAAAAAAAAAAAAAAAAAAAAAAAAAAAAAAAAAAAAAAAAAAAAAAAAAAAAAAAAAAAAAAAAAAAAAAAAAAAAAAAAAAAAAAAAAAAAAAAAAAAAAAAAAAAAAAAAAAAAAAAAAAAAAAAAAAAAAAAAAAAAAAAAAAAAAAAAAAAAAAAAAAAAAAAAAAAAAAAAAAAAAAAAAAAAAAAAAAAAAAAAAAAAAAAAAAAAAAAAAAAAAAAAAAAAAAAAAAAAAAAAHsiY3J5cHRvIjogeyJrZGYiOiB7ImZ1bmN0aW9uIjogInNjcnlwdCIsICJwYXJhbXMiOiB7ImRrbGVuIjogMzIsICJuIjogMjYyMTQ0LCAiciI6IDgsICJwIjogMSwgInNhbHQiOiAiZDVjNzkzMTViNGUxMTU1ZTBmZDA3ZDI4NDRkNDU3ZWRhMDk2YjU5YjUyZTYxNDEzY2JmMzdkYzdmM2Y5N2UxNyJ9LCAibWVzc2FnZSI6ICIifSwgImNoZWNrc3VtIjogeyJmdW5jdGlvbiI6ICJzaGEyNTYiLCAicGFyYW1zIjoge30sICJtZXNzYWdlIjogImE1NTMyMGU1MjU2NjMyMzczZWRjOGRiNzQ4OGU4ZjEzNjNkOGUzY2FmZDY2NTU3Mjk3ODMwNThlZmM2OTgyMjIifSwgImNpcGhlciI6IHsiZnVuY3Rpb24iOiAiYWVzLTEyOC1jdHIiLCAicGFyYW1zIjogeyJpdiI6ICIyMGQwOWJiOWIwMTI4ZDgwZDFkNWI5MWRmZjY1YjU0MiJ9LCAibWVzc2FnZSI6ICIwNzg5NjJlZTg1NjZhOTk5NDA3YTRmZjM3ZmRlNzlkYjhjNDA0ZmE2MTdmYTNkZTU3MWUxZDA1ZDk4ZTE3NTZjIn19LCAiZGVzY3JpcHRpb24iOiAiIiwgInB1YmtleSI6ICI5NTY1OWUyMDNhZTliMjhmZjM5YTQ0ZWMwZDQxY2JmZGJiMzJlNDdkYjBhMzFjMDY2NGUyMmJiZjdiOTQ1ODBhZWMwNTE0NzM2YjdmOTAyZmNhMWY1MTkxN2I4MzBjZjEiLCAicGF0aCI6ICJtLzEyMzgxLzM2MDAvMC8wLzAiLCAidXVpZCI6ICJmMGUyZDA4Zi02OWM1LTRjMjUtYWY3Yi05NmJiMzI0YjNiZmEiLCAidmVyc2lvbiI6IDR9AAAAAAAAAAAAAAAAAAAAAAAAAAAAAAAAAAAAAAAAAAAAAAAAAAAAAAAAAAAAAAAAAAAAAAAAAAAAAAAAAAAAAAAAAAAAAAAAAAAAAAAAAAAAAAAAAAAAAAAAAAAAAAAAAAAAAAAAAAAAAAAAAAAAAAAAAAAAAAAAAAAAAAAAAAAAAAAAAAAAAAAAAAAAAAAAAAAAAAAAAAAAAAAAAAAAAAAAAAAAAAAAAAAAAAAAAAAAAAAAAAAAAAAAAAAAAAAAAAAAAAAAAAAAAAAAAAAAAAAAAAAAAAAAAAAAAAAAAAAAAAAAAAAAAAAAAAAAAAAAAAAAAAAAAAAAAAAAAAAAAAAAAAAAAAAAAAAAAAAAAAAAAAAAAAAAAAAAAAAAAAAAAAAAAAAAAAAAAAAAAAAAAAAAAAAAAAAAAAAuL2FjY291bnQtcGFzc3dvcmQudHh0AAAAAAAAAAAAAAAAAAAAAAAAAAAAAAAAAAAAAAAAAAAAAAAAAAAAAAAAAAAAAAAAAAAAAAAAAAAAAAAAAAAAAAAAAAAAAAAAAAAAAAAAMDAwMDY2NAAwMDAxNzUwADAwMDE3NTAAMDAwMDAwMDAwMzEAMTUxNTQ0NzAzNDYAMDE2NzYzACAwAAAAAAAAAAAAAAAAAAAAAAAAAAAAAAAAAAAAAAAAAAAAAAAAAAAAAAAAAAAAAAAAAAAAAAAAAAAAAAAAAAAAAAAAAAAAAAAAAAAAAAAAAAAAAAAAAAAAAAAAAAAAAAAAAAAAAHVzdGFyICAAcnV5b2xpdmVpcmEAAAAAAAAAAAAAAAAAAAAAAAAAAABydXlvbGl2ZWlyYQAAAAAAAAAAAAAAAAAAAAAAAAAAAAAAAAAAAAAAAAAAAAAAAAAAAAAAAAAAAAAAAAAAAAAAAAAAAAAAAAAAAAAAAAAAAAAAAAAAAAAAAAAAAAAAAAAAAAAAAAAAAAAAAAAAAAAAAAAAAAAAAAAAAAAAAAAAAAAAAAAAAAAAAAAAAAAAAAAAAAAAAAAAAAAAAAAAAAAAAAAAAAAAAAAAAAAAAAAAAAAAAAAAAAAAAAAAAAAAAAAAAAAAAAAAAAAAAAAAAAAAAAAAAAAAAGIzMTMyYTZmNzU1NTZkMGFiMTc5OWNmMgoAAAAAAAAAAAAAAAAAAAAAAAAAAAAAAAAAAAAAAAAAAAAAAAAAAAAAAAAAAAAAAAAAAAAAAAAAAAAAAAAAAAAAAAAAAAAAAAAAAAAAAAAAAAAAAAAAAAAAAAAAAAAAAAAAAAAAAAAAAAAAAAAAAAAAAAAAAAAAAAAAAAAAAAAAAAAAAAAAAAAAAAAAAAAAAAAAAAAAAAAAAAAAAAAAAAAAAAAAAAAAAAAAAAAAAAAAAAAAAAAAAAAAAAAAAAAAAAAAAAAAAAAAAAAAAAAAAAAAAAAAAAAAAAAAAAAAAAAAAAAAAAAAAAAAAAAAAAAAAAAAAAAAAAAAAAAAAAAAAAAAAAAAAAAAAAAAAAAAAAAAAAAAAAAAAAAAAAAAAAAAAAAAAAAAAAAAAAAAAAAAAAAAAAAAAAAAAAAAAAAAAAAAAAAAAAAAAAAAAAAAAAAAAAAAAAAAAAAAAAAAAAAAAAAAAAAAAAAAAAAAAAAAAAAAAAAAAAAAAAAAAAAAAAAAAAAAAAAAAAAAAAAAAAAAAAAAAAAAAAAAAAAAAAAAAAAAAAAAAAAAAAAAAAAAAAAAAAAAAAAAAAAAAAAAAAAAAAAAAAAAAAAAAAAAAAAAAAAAAAAAAAAAAAAAAAAAAAAAAAAAAAAAAAAALi93YWxsZXQtcGFzc3dvcmQudHh0AAAAAAAAAAAAAAAAAAAAAAAAAAAAAAAAAAAAAAAAAAAAAAAAAAAAAAAAAAAAAAAAAAAAAAAAAAAAAAAAAAAAAAAAAAAAAAAAAAAAAAAAADAwMDA2NjQAMDAwMTc1MAAwMDAxNzUwADAwMDAwMDAwMDUxADE1MTU0NDcwMjY3ADAxNjYyMwAgMAAAAAAAAAAAAAAAAAAAAAAAAAAAAAAAAAAAAAAAAAAAAAAAAAAAAAAAAAAAAAAAAAAAAAAAAAAAAAAAAAAAAAAAAAAAAAAAAAAAAAAAAAAAAAAAAAAAAAAAAAAAAAAAAAAAAAB1c3RhciAgAHJ1eW9saXZlaXJhAAAAAAAAAAAAAAAAAAAAAAAAAAAAcnV5b2xpdmVpcmEAAAAAAAAAAAAAAAAAAAAAAAAAAAAAAAAAAAAAAAAAAAAAAAAAAAAAAAAAAAAAAAAAAAAAAAAAAAAAAAAAAAAAAAAAAAAAAAAAAAAAAAAAAAAAAAAAAAAAAAAAAAAAAAAAAAAAAAAAAAAAAAAAAAAAAAAAAAAAAAAAAAAAAAAAAAAAAAAAAAAAAAAAAAAAAAAAAAAAAAAAAAAAAAAAAAAAAAAAAAAAAAAAAAAAAAAAAAAAAAAAAAAAAAAAAAAAAAAAAAAAAAAAAAAAAAA3YzY0NTNiNzQyYmQzOGIyOGZiY2M1ZjI2MGNlYTY0MzQ5YTBiYjliCgAAAAAAAAAAAAAAAAAAAAAAAAAAAAAAAAAAAAAAAAAAAAAAAAAAAAAAAAAAAAAAAAAAAAAAAAAAAAAAAAAAAAAAAAAAAAAAAAAAAAAAAAAAAAAAAAAAAAAAAAAAAAAAAAAAAAAAAAAAAAAAAAAAAAAAAAAAAAAAAAAAAAAAAAAAAAAAAAAAAAAAAAAAAAAAAAAAAAAAAAAAAAAAAAAAAAAAAAAAAAAAAAAAAAAAAAAAAAAAAAAAAAAAAAAAAAAAAAAAAAAAAAAAAAAAAAAAAAAAAAAAAAAAAAAAAAAAAAAAAAAAAAAAAAAAAAAAAAAAAAAAAAAAAAAAAAAAAAAAAAAAAAAAAAAAAAAAAAAAAAAAAAAAAAAAAAAAAAAAAAAAAAAAAAAAAAAAAAAAAAAAAAAAAAAAAAAAAAAAAAAAAAAAAAAAAAAAAAAAAAAAAAAAAAAAAAAAAAAAAAAAAAAAAAAAAAAAAAAAAAAAAAAAAAAAAAAAAAAAAAAAAAAAAAAAAAAAAAAAAAAAAAAAAAAAAAAAAAAAAAAAAAAAAAAAAAAAAAAAAAAAAAAAAAAAAAAAAAAAAAAAAAAAAAAAAAAAAAAAAAAAAAAAAAAAAAAAAAAAAAAAAAAAAAAAAAAAAAAAAAAAAAAAAAAAAAAAAAAAAAAAAAAAAAAAAAAAAAAAAAAAAAAAAAAAAAAAAAAAAAAAAAAAAAAAAAAAAAAAAAAAAAAAAAAAAAAAAAAAAAAAAAAAAAAAAAAAAAAAAAAAAAAAAAAAAAAAAAAAAAAAAAAAAAAAAAAAAAAAAAAAAAAAAAAAAAAAAAAAAAAAAAAAAAAAAAAAAAAAAAAAAAAAAAAAAAAAAAAAAAAAAAAAAAAAAAAAAAAAAAAAAAAAAAAAAAAAAAAAAAAAAAAAAAAAAAAAAAAAAAAAAAAAAAAAAAAAAAAAAAAAAAAAAAAAAAAAAAAAAAAAAAAAAAAAAAAAAAAAAAAAAAAAAAAAAAAAAAAAAAAAAAAAAAAAAAAAAAAAAAAAAAAAAAAAAAAAAAAAAAAAAAAAAAAAAAAAAAAAAAAAAAAAAAAAAAAAAAAAAAAAAAAAAAAAAAAAAAAAAAAAAAAAAAAAAAAAAAAAAAAAAAAAAAAAAAAAAAAAAAAAAAAAAAAAAAAAAAAAAAAAAAAAAAAAAAAAAAAAAAAAAAAAAAAAAAAAAAAAAAAAAAAAAAAAAAAAAAAAAAAAAAAAAAAAAAAAAAAAAAAAAAAAAAAAAAAAAAAAAAAAAAAAAAAAAAAAAAAAAAAAAAAAAAAAAAAAAAAAAAAAAAAAAAAAAAAAAAAAAAAAAAAAAAAAAAAAAAAAAAAAAAAAAAAAAAAAAAAAAAAAAAAAAAAAAAAAAAAAAAAAAAAAAAAAAAAAAAAAAAAAAAAAAAAAAAAAAAAAAAAAAAAAAAAAAAAAAAAAAAAAAAAAAAAAAAAAAAAAAAAAAAAAAAAAAAAAAAAAAAAAAAAAAAAAAAAAAAAAAAAAAAAAAAAAAAAAAAAAAAAAAAAAAAAAAAAAAAAAAAAAAAAAAAAAAAAAAAAAAAAAAAAAAAAAAAAAAAAAAAAAAAAAAAAAAAAAAAAAAAAAAAAAAAAAAAAAAAAAAAAAAAAAAAAAAAAAAAAAAAAAAAAAAAAAAAAAAAAAAAAAAAAAAAAAAAAAAAAAAAAAAAAAAAAAAAAAAAAAAAAAAAAAAAAAAAAAAAAAAAAAAAAAAAAAAAAAAAAAAAAAAAAAAAAAAAAAAAAAAAAAAAAAAAAAAAAAAAAAAAAAAAAAAAAAAAAAAAAAAAAAAAAAAAAAAAAAAAAAAAAAAAAAAAAAAAAAAAAAAAAAAAAAAAAAAAAAAAAAAAAAAAAAAAAAAAAAAAAAAAAAAAAAAAAAAAAAAAAAAAAAAAAAAAAAAAAAAAAAAAAAAAAAAAAAAAAAAAAAAAAAAAAAAAAAAAAAAAAAAAAAAAAAAAAAAAAAAAAAAAAAAAAAAAAAAAAAAAAAAAAAAAAAAAAAAAAAAAAAAAAAAAAAAAAAAAAAAAAAAAAAAAAAAAAAAAAAAAAAAAAAAAAAAAAAAAAAAAAAAAAAAAAAAAAAAAAAAAAAAAAAAAAAAAAAAAAAAAAAAAAAAAAAAAAAAAAAAAAAAAAAAAAAAAAAAAAAAAAAAAAAAAAAAAAAAAAAAAAAAAAAAAAAAAAAAAAAAAAAAAAAAAAAAAAAAAAAAAAAAAAAAAAAAAAAAAAAAAAAAAAAAAAAAAAAAAAAAAAAAAAAAAAAAAAAAAAAAAAAAAAAAAAAAAAAAAAAAAAAAAAAAAAAAAAAAAAAAAAAAAAAAAAAAAAAAAAAAAAAAAAAAAAAAAAAAAAAAAAAAAAAAAAAAAAAAAAAAAAAAAAAAAAAAAAAAAAAAAAAAAAAAAAAAAAAAAAAAAAAAAAAAAAAAAAAAAAAAAAAAAAAAAAAAAAAAAAAAAAAAAAAAAAAAAAAAAAAAAAAAAAAAAAAAAAAAAAAAAAAAAAAAAAAAAAAAAAAAAAAAAAAAAAAAAAAAAAAAAAAAAAAAAAAAAAAAAAAAAAAAAAAAAAAAAAAAAAAAAAAAAAAAAAAAAAAAAAAAAAAAAAAAAAAAAAAAAAAAAAAAAAAAAAAAAAAAAAAAAAAAAAAAAAAAAAAAAAAAAAAAAAAAAAAAAAAAAAAAAAAAAAAAAAAAAAAAAAAAAAAAAAAAAAAAAAAAAAAAAAAAAAAAAAAAAAAAAAAAAAAAAAAAAAAAAAAAAAAAAAAAAAAAAAAAAAAAAAAAAAAAAAAAAAAAAAAAAAAAAAAAAAAAAAAAAAAAAAAAAAAAAAAAAAAAAAAAAAAAAAAAAAAAAAAAAAAAAAAAAAAAAAAAAAAAAAAAAAAAAAAAAAAAAAAAAAAAAAAAAAAAAAAAAAAAAAAAAAAAAAAAAAAAAAAAAAAAAAAAAAAAAAAAAAAAAAAAAAAAAAAAAAAAAAAAAAAAAAAAAAAAAAAAAAAAAAAAAAAAAAAAAAAAAAAAAAAAAAAAAAAAAAAAAAAAAAAAAAAAAAAAAAAAAAAAAAAAAAAAAAAAAAAAAAAAAAAAAAAAAAAAAAAAAAAAAAAAAAAAAAAAAAAAAAAAAAAAAAAAAAAAAAAAAAAAAAAAAAAAAAAAAAAAAAAAAAAAAAAAAAAAAAAAAAAAAAAAAAAAAAAAAAAAAAAAAAAAAAAAAAAAAAAAAAAAAAAAAAAAAAAAAAAAAAAAAAAAAAAAAAAAAAAAAAAAAAAAAAAAAAAAAAAAAAAAAAAAAAAAAAAAAAAAAAAAAAAAAAAAAAAAAAAAAAAAAAAAAAAAAAAAAAAAAAAAAAAAAAAAAAAAAAAAAAAAAAAAAAAAAAAAAAAAAAAAAAAAAAAAAAAAAAAAAAAAAAAAAAAAAAAAAAAAAAAAAAAAAAAAAAAAAAAAAAAAAAAAAAAAAAAAAAAAAAAAAAAAAAAAAAAAAAAAAAAAAAAAAAAAAAAAAAAAAAAAAAAAAAAAAAAAAAAAAAAAAAAAAAAAAAAAAAAAAAAAAAAAAAAAAAAAAAAAAAAAAAAAAAAAAAAAAAAAAAAAAAAAAAAAAAAAAAAAAAAAAAAAAAAAAAAAAAAAAAAAAAAAAAAAAAAAAAAAAAAAAAAAAAAAAAAAAAAAAAAAAAAAAAAAAAAAAAAAAAAAAAAAAAAAAAAAAAAAAAAAAAAAAAAAAAAAAAAAAAAAAAAAAAAAAAAAAAAAAAAAAAAAAAAAAAAAAAAAAAAAAAAAAAAAAAAAAAAAAAAAAAAAAAAAAAAAAAAAAAAAAAAAAAAAAAAAAAAAAAAAAAAAAAAAAAAAAAAAAAAAAAAAAAAAAAAAAAAAAAAAAAAAAAAAAAAAAAAAAAAAAAAAAAAAAAAAAAAAAAAAAAAAAAAAAAAAAAAAAAAAAAAAAAAAAAAAAAAAAAAAAAAAAAAAAAAAAAAAAAAAAAAAAAAAAAAAAAAAAAAAAAAAAAAAAAAAAAAAAAAAAAAAAAAAAAAAAAAAAAAAAAAAAAAAAAAAAAAAAAAAAAAAAAAAAAAAAAAAAAAAAAAAAAAAAAAAAAAAAAAAAAAAAAAAAAAAAAAAAAAAAAAAAAAAAAAAAAAAAAAAAAAAAAAAAAAAAAAAAAAAAAAAAAAAAAAAAAAAAAAAAAAAAAAAAAAAAAAAAAAAAAAAAAAAAAAAAAAAAAAAAAAAAAAAAAAAAAAAAAAAAAAAAAAAAAAAAAAAAAAAAAAAAAAAAAAAAAAAAAAAAAAAAAAAAAAAAAAAAAAAAAAAAAAAAAAAAAAAAAAAAAAAAAAAAAAAAAAAAAAAAAAAAAAAAAAAAAAAAAAAAAAAAAAAAAAAAAAAAAAAAAAAAAAAAAAAAAAAAAAAAAAAAAAAAAAAAAAAAAAAAAAAAAAAAAAAAAAAAAAAAAAAAAAAAAAAAAAAAAAAAAAAAAAAAAAAAAAAAAAAAAAAAAAAAAAAAAAAAAAAAAAAAAAAAAAAAAAAAAAAAAAAAAAAAAAAAAAAAAAAAAAAAAAAAAAAAAAAAAAAAAAAAAAAAAAAAAAAAAAAAAAAAAAAAAAAAAAAAAAAAAAAAAAAAAAAAAAAAAAAAAAAAAAAAAAAAAAAAAAAAAAAAAAAAAAAAAAAAAAAAAAAAAAAAAAAAAAAAAAAAAAAAAAAAAAAAAAAAAAAAAAAAAAAAAAAAAAAAAAAAAAAAAAAAAAAAAAAAAAAAAAAAAAAAAAAAAAAAAAAAAAAAAAAAAAAAAAAAAAAAAAAAAAAAAAAAAAAAAAAAAAAAAAAAAAAAAAAAAAAAAAAAAAAAAAAAAAAAAAAAAAAAAAAAAAAAAAAAAAAAAAAAAAAAAAAAAAAAAAAAAAAAAAAAAAAAAAAAAAAAAAAAAAAAAAAAAAAAAAAAAAAAAAAAAAAAAAAAAAAAAAAAAAAAAAAAAAAAAAAAAAAAAAAAAAAAAAAAAAAAAAAAAAAAAAAAAAAAAAAAAAAAAAAAAAAAAAAAAAAAAAAAAAAAAAAAAAAAAAAAAAAAAAAAAAAAAAAAAAAAAAAAAAAAAAAAAAAAAAAAAAAAAAAAAAAAAAAAAAAAAAAAAAAAAAAAAAAAAAAAAAAAAAAAAAAAAAAAAAAAAAAAAAAAAAAAAAAAAAAAAAAAAAAAAAAAAAAAAAAAAAAAAAAAAAAAAAAAAAAAAAAAAAAAAAAAAAAAAAAAAAAAAAAAAAAAAAAAAAAAAAAAAAAAAAAAAAAAAAAAAAAAAAAAAAAAAAAAAAAAAAAAAAAAAAAAAAAAAAAAAAAAAAAAAAAAAAAAAAAAAAAAAAAAAAAAAAAAAAAAAAAAAAAAAAAAAAAAAAAAAAAAAAAAAAAAAAAAAAAAAAAAAAAAAAAAAAAAAAAAAAAAAAAAAAAAAAAAAAAAAAAAAAAAAAAAAAAAAAAAAAAAAAAAAAAAAAAAAAAAAAAAAAAAAAAAAAAAAAAAAAAAAAAAAAAAAAAAAAAAAAAAAAAAAAAAAAAAAAAAAAAAAAAAAAAAAAAAAAAAAAAAAAAAAAAAAAAAAAAAAAAAAAAAAAAAAAAAAAAAAAAAAAAAAAAAAAAAAAAAAAAAAAAAAAAAAAAAAAAAAAAAAAAAAAAAAAAAAAAAAAAAAAAAAAAAAAAAAAAAAAAAAAAAAAAAAAAAAAAAAAAAAAAAAAAAAAAAAAAAAAAAAAAAAAAAAAAAAAAAAAAAAAAAAAAAAAAAAAAAAAAAAAAAAAAAAAAAAAAAAAAAAAAAAAAAAAAAAAAAAAAAAAAAAAAAAAAAAAAAAAAAAAAAAAAAAAAAAAAAAAAAAAAAAAAAAAAAAAAAAAAAAAAAAAAAAAAAAAAAAAAAAAAAAAAAAAAAAAAAAAAAAAAAAAAAAAAAAAAAAAAAAAAAAAAAAAAAAAAAAAAAAAAAAAAAAAAAAAAAAAAAAAAAAAAAAAAAAAAAAAAAAAAAAAAAAAAAAAAAAAAAAAAAAAAAAAAAAAAAAAAAAAAAAAAAAAAAAAAAAAAAAAAAAAAAAAAAAAAAAAAAAAAAAAAAAAAAAAAAAAAAAAAAAAAAAAAAAAAAAAAAAAAAAAAAAAAAAAAAAAAAAAAAAAAAAAAAAAAAAAAAAAAAAAAAAAAAAAAAAAAAAAAAAAAAAAAAAAAAAAAAAAAAAAAAAAAAAAAAAAAAAAAAAAAAAAAAAAAAAAAAAAAAAAAAAAAAAAAAAAAAAAAAAAAAAAAAAAAAAAAAAAAAAAAAAAAAAAAAAAAAAAAAAAAAAAAAAAAAAAAAAAAAAAAAAAAAAAAAAAAAAAAAAAAAAAAAAAAAAAAAAAAAAAAAAAAAAAAAAAAAAAAAAAAAAAAAAAAAAAAAAAAAAAAAAAAAAAAAAAAAAAAAAAAAAAAAAAAAAAAAAAAAAAAAAAAAAAAAAAAAAAAAAAAAAAAAAAAAAAAAAAAAAAAAAAAAAAAAAAAAAAAAAAAAAAAAAAAAAAAAAAAAAAAAAAAAAAAAAAAAAAAAAAAAAAAAAAAAAAAAAAAAAAAAAAAAAAAAAAAAAAAAAAAAAAAAAAAAAAAAAAAAAAAAAAAAAAAAAAAAAAAAAAAAAAAAAAAAAAAAAAAAAAAAAAAAAAAAAAAAAAAAAAAAAAAAAAAAAAAAAAAAAAAAAAAAAAAAAAAAAAAAAAAAAAAAAAAAAAAAAAAAAAAAAAAAAAAAAAAAAAAAAAAAAAAAAAAAAAAAAAAAAAAAAAAAAAAAAAAAAAAAAAAAAAAAAAAAAAAAAAAAAAAAAAAAAAAAAAAAAAAAAAAAAAAAAAAAAAAA==\n\n- path: /usr/local/bin/get-validador-metrics.sh\n  content: |\n    #!/bin/env bash\n    #\n    set -o pipefail\n    curl -s http://localhost:8081/metrics | grep -P '^validator_statuses|^validator_last_attested_slot|^validator_next_attestation_slot|^validator_successful_attestations' | tr '\\n' ';\\n'\n  permissions: '0550'",
                "content_type": "text/cloud-config",
                "filename": "cloud-config.yaml",
                "merge_type": null
              },
              {
                "content": "#!/usr/bin/env bash\nadduser --home /home/prysm-val --disabled-password  -gecos 'Prysm Validator Client' prysm-val\n\n# Create datadir for prysm validator\nmkdir /home/prysm-val/validator_data\nchown prysm-val:prysm-val /home/prysm-val/validator_data\nchmod 770 /home/prysm-val/validator_data\n\n# Install prysm validator\nmkdir /home/prysm-val/bin\ncurl https://raw.githubusercontent.com/OffchainLabs/prysm/master/prysm.sh --output /home/prysm-val/bin/prysm.sh\nchown -R prysm-val:prysm-val /home/prysm-val/bin\nchmod 750 /home/prysm-val/bin\nchmod 540 /home/prysm-val/bin/prysm.sh\n\n# Systemctl\nsystemctl daemon-reload\n",
                "content_type": "text/x-shellscript",
                "filename": "01_setup-ethereum-validator.sh",
                "merge_type": null
              },
              {
                "content": "#!/usr/bin/env bash\nset -euxo pipefail\n\necho \"Checking prysm validator data volume\"\n\nPRYSM_DATA_VOLUME_ID=vol-0379b706257f3707e\nPRYSM_DATA_VOLUME_ID=$(echo $PRYSM_DATA_VOLUME_ID | tr -d '-')\necho \"EBS PRYSM_DATA_VOLUME_ID=$PRYSM_DATA_VOLUME_ID\"\n\nBLOCK_DEVICE=$(lsblk -d -o NAME,SERIAL | grep \"$PRYSM_DATA_VOLUME_ID\" | awk '{print \"/dev/\"$1}')\necho \"BLOCK_DEVICE=$BLOCK_DEVICE\"\n\nBLOCK_DEVICE_STATUS=$(file -s $BLOCK_DEVICE | cut -d':' -f2 | tr -d ' ')\necho \"BLOCK_DEVICE_STATUS=$BLOCK_DEVICE_STATUS\"\n\nif [ $BLOCK_DEVICE_STATUS == \"data\" ]\nthen\n  echo Volume $PRYSM_DATA_VOLUME_ID is a raw device in $BLOCK_DEVICE\n  echo Formating device $BLOCK_DEVICE\n  mkfs -t xfs $BLOCK_DEVICE\n\n  echo Updating /etc/fstab\n  UUID=$(blkid $BLOCK_DEVICE | awk '{print $2}' | tr -d \"\\\"\")\n  cp /etc/fstab /etc/fstab-edit-prysm-validator\n  echo \"$UUID   /home/prysm-val/validator_data   xfs     defaults,nofail 0 2\" \u003e\u003e /etc/fstab-edit-prysm-validator\n  mv /etc/fstab-edit-prysm-validator /etc/fstab\n  systemctl daemon-reload\n\n  echo Mounting device $BLOCK_DEVICE on /home/prysm-val/validator_data\n  mount /home/prysm-val/validator_data\n  chown prysm-val:prysm-val /home/prysm-val/validator_data\n  chmod 770 /home/prysm-val/validator_data\nelse\n  echo Volume $PRYSM_DATA_VOLUME_ID is a formatted filesystem\n\n  echo Updating /etc/fstab\n  UUID=$(blkid $BLOCK_DEVICE | awk '{print $2}' | tr -d \"\\\"\")\n  cp /etc/fstab /etc/fstab-edit-prysm-validator\n  echo \"$UUID   /home/prysm-val/validator_data   xfs     defaults,nofail 0 2\" \u003e\u003e /etc/fstab-edit-prysm-validator\n  mv /etc/fstab-edit-prysm-validator /etc/fstab\n  systemctl daemon-reload\n\n  echo Mounting device $BLOCK_DEVICE on /home/prysm-val/validator_data\n  mount /home/prysm-val/validator_data\n  chown prysm-val:prysm-val /home/prysm-val/validator_data\n  chmod 770 /home/prysm-val/validator_data\nfi\n",
                "content_type": "text/x-shellscript",
                "filename": "02_setup-prysm-validator-data-volume.sh",
                "merge_type": null
              },
              {
                "content": "#!/usr/bin/env bash\nset -euxo pipefail\n\n# Create datadir for prysm validator\nif [ ! -d /home/prysm-val/validator_data/wallet ]; then\n    mkdir /home/prysm-val/validator_data/wallet\n    tar -xf /run/prysm-import-keys/validator_keys.tar -C /run/prysm-import-keys\n    mv /run/prysm-import-keys/wallet-password.txt /home/prysm-val/validator_data/wallet-password.txt\n    mv /run/prysm-import-keys/account-password.txt /home/prysm-val/validator_data/account-password.txt\n\n    /home/prysm-val/bin/prysm.sh validator accounts import \\\n    --keys-dir=/run/prysm-import-keys/validator_keys \\\n    --wallet-dir /home/prysm-val/validator_data/wallet \\\n    --wallet-password-file /home/prysm-val/validator_data/wallet-password.txt \\\n    --account-password-file /home/prysm-val/validator_data/account-password.txt \\\n    --accept-terms-of-use \\\n    --hoodi\n\n    chown -R prysm-val:prysm-val /home/prysm-val/validator_data/*\n    chmod 540 /home/prysm-val/validator_data/*\n\n    rm -rf /run/prysm-import-keys\nfi\n",
                "content_type": "text/x-shellscript",
                "filename": "03_import-validator-keys.sh",
                "merge_type": null
              }
            ],
            "rendered": "H4sIAAAAAAAA/+xccXPiOLL/n6r5DrrMVGXv1TkxBiaTbOWqTGyIeZFYiI0j3c5LGVtgGcumbBGw3tx3f2VDEiYhl8zuvpm9K35VJMhqdbdarW7hqtZFmgiaCMUu5vQM8EUs2NzLxDFnKxr8DMbpIgm8rDg/gBY0230HGfoQH9TKljKiWc7S5AzUj9R3tXc1Rdkmele7522wfJ7mTFS0nhCeH3KaiJ/BhMU08Tg9P/DjdBEofppM2PSo8Hh88Djczrwkn9BMMRM/DVgyPQMnYya2CCrdBV2J420+72qQcfpMy/fbNLUwzUWpwhmgIqQZXXDlzotZ4Ik0q/kZ9QS9vae5LfU9AyJb0FptmTGxfpKf1RQw90R4Bo6p8I/zIheUB5v/x/OsyCumRznN7phPawD4a83PwJcaAAD8w0mY+Fyrvhs09zM2L411/ks5FIzu9QEXMaOJqMj0iaDZ+Zr3mHp+mhwJL5vSda/rJSLf2buWd73W5HPVKs13njM+j2nVHtJceJk49+KlV+Tbj66pf95aP3HyB/F3XrwWmmYzlkwNllFfpFlxfhymnB5/TWSuqH9dsX/Sezxmybp1lIfgYQ3Ar9UwABQlTNOAbbUDT3gBy8BTRg9jb0uK4/LP1qilF8dUKG8YuKZ8PnTu5fkyzQKlXPy3MXkYcyRW2xzXa6Nkc1+ZZ+kdC2j26IdJGtCjXHilUY9YImiWePFZU1XVLQ6e79O5UATNeK6kE2WR080aW0kuvDj+/OAQNGgX59UOL6myR3+Z04yzvNwk+Rk4VD82m4e1R5fOFpt1URifp5lQZrTIt6ZZNkteNQDowwYdf2xuu/kVO9Wwu5qTbkcdN3oTTxu1/OKT/l1h6Eto6A0kHR2W322/DvXq2QpJZ7npf/johlmHtqOiCBZI6nW9pCvHLPUpGnxf1XejXfcbw9Bn+lS/7NWpe5p7NyT2bnrhvxrlJ6PWWFvNAz6a+9z8fur+e2Bx1SDhuBvP8M3wzo9PM3ITyyttGPvdU+ndDCelD+NrdYWkL6F0CiinzSs+l2Ot+YcpsfbBwfK5f5oNZN/3V20JDV2HtrNC9kCD0mpAo/Rvq4ASL/ULffmHKfV7cDmSQbdTWBff4n/tIriJ78bdWCNuXOA/xZ77E6EjTqykXcdcxPTa+mhdWC1k43rfdQpooJDYMYNRyEkEW9geqMSFS2IMVljrcdLtMSh7MTKCGY7aIZSdCBpYQ12ngLzHSBSwvj2o9412WI5DtqkiCTUcBbxv6wXhKIQurkN7tkKa1YSyHZHIZFcXOgu0WPW6wwLfBOG4cxr5fDQjbkv13E7uF5WeS2h/HWu//rRDJAeybxNGbHMJpb8k0YhDw1SJazWxJCGx2xGMgogYJMS2qUJ71rTYcmrxjhg3RovgwvpoGbDY5lvq5mtxMuYdNbjpxVaUTq1oquLIqfe7owjJDoNRzKBtSaQ5LShnDRwNY9gdccgRIwZeEVuvI+mrSMONvgFXfQNqxNYL7A5npNRDG/J+aatILzC3GsieqdglM2L4GoxITOzhjESw3nfNFXQHEkqzQQxTxfag1bdhi7jWsm/EMZKwAY1hiCOrhTRHRdIvSBdxJOMIc2dVzh3zUQhtvwFd2ELuaIYkrhNuNrHbCdcfp4GjNsfRkCG3x7E7WGFuSRJZDeI6dcwtFV5buXXRm5Gb9p2vxeqNVo/9BgqJNpr4/PSusuOFJXE0LaBBYhgNJJJwibnZgBy3UAQbiA+aSBJOIjSDHKt9exjjCDdx5JTzU2E5B7vNoa0XyHVUzK0VlrNivV5P4urotBhrp+p6bfwm4abEkSVLP+wbnRAaPV76ZsmXRFaTRHAFtWGEudkidi8i9mxJjFHU75otqJlNaLdDpJkrFA05lm2G3UHlo4SfFl79VCM3Pem5p4u1PLPyk75tLte6teLgMrjzuZiMeUeQao/10rF2OvOe2Q3l3ugZvwVkzcJK6sGPDhV7vBkv5H8R0xtUnl3jK7c+KWNE3+hMyhwLO5+WN7I9gRd/3Jng2/I/3pX/VWib+/z/n4zLnOFGr+VfDu/KeEOLXka6mPVZ+8TipD7mSH2IRQmK/CReBhdV3Frim144voEb2mE27o4qOiir/vX3CBfQHqhV3mRlPp1WY6u+62XJMxxfDlif6ayMuUjOJLRHDHWdFbSdOrHbnBh6gxhWExnDGTKcBnGHITRmGo6cFo6cgth4hQxTlmcSKIMZlgGHGi5z3goVvdNS9tgdSV/rJOv4a7FJKZujlLgo8xsjsZk7D9xWFHTjuzGr4rT0umaBbFzFe7/bKbBblxVtQy3nIcgNktgN1ucAbtaRDQvYdeowcrTyNx+UviTuMOp3hwzJQbPfdZokMiWK0KzfdSTWOpyUZybbacBoVp4HlsgOY8Kh1renBYwedJ373TCubHiZM5KMFrgxnI+1ZmU77I7klW0W/Yt6FFxaz/UtevOgmpNVwO5g2Xd7rO+WZyirSYzpkhidGXKtFnSHnES4jiNHhWyn7ZZITlso6sXEntZRRMK+PWshQ29guxwLG4QPYyTjGY7CCBm6SripQTvg2EYzUs7TdVbE0OvEmDWJXcYiEllJvZJFuiOJG725f/k4tyqP/gnPqH63o3rV2aYnrqRZxuvVlYQaNPQ7ePFpeSX19Vn2ZjQnazoOu05BDL1JmKr1XVi/socRjByBXdzATG0hXuprqThCjPDNWZiPCl/b+KQxPP3RIWOPV7G40joR1k7r42Qg/G5H+o3yDDhYBJeh+r2UWOd2rKFX87++hNK8z/8qkrpE5XnAMDUksdzn//9gdC0JbVhgm3AknTqyyQx2OwzafqvvIg6n6Y/WcI89Klyx0wZ2Vzm5+XExdfN+X0PR4A3v/53Vw/t/w1/CCDeq9//lmXipT+F3U/pfYf/+//8BDSyximxUnvkLzAey37WKfpcwrME6iSwNdlGMbaxCOWhhu81wFLOL6Y9We4899thjjz322GOPPfbYY4899thjjz322GOPPfbYY49/f5yfb5VpLfLsOE79TSHdlIpNHWOQZgqnImN+fpSHz2sP3/+lGkCTOzD2KgIA3ld/cyqAkoI5m9OJx9ble/4ii4GSg1CI+dnxWmCY5uLsk/qpfryRA76AaUbnQPkFHP7PY6FYLjyxyGn+ZetZ7OXi1hOC5oIGt3mciu3ehK7uez3B0uQZQb7wfZrnk0W8TZYfgi9AZODw1+QQHP78a3L4vMit1VIPf1fFqlq/zalYzJXndaNHefgby1dXSh7SOF5XgL5Uv/qXaq2/WjQvCBY5zaoiSf6sJhEoSsBybxzT4KEQEQBlSv00B4e7i0wPwWPdZu09uKgqYcF9yeUkzdb9j4WaNT57vaay5ofpMnlkffao46sDeRqAkxP1NcLae7CpfHyjhmOW1Cq3Ln06Pzs+zrzl0ZSJcDEubbrZLkd+yo/7k4kfeiy58sb5msMx93JBs8fCVUVJF2K+ELvEPFBtzKAM32SJSsH19FvPp//Y22ru7H2UWnsPrquaZF/Etfz+Gwg8ytNEyWicesHvK+NWtc2meNBgbfqqVle5S+MFp99/d1SBjC5WW7GsRv0wBQcXIfVnLJk+dZXK0cFa34Na7Zchvoa3hm7rt6P+lQPNW8s4v0tjRW2cnI5P1I9a62TSOFFP6G7SDz9V4j7s6lyHKiUAh8rhXzdqme1rsJvRrqcHtVr7qn/x37eGObIuzPMPP8X5OJ6VPJUUIB2af7s2h5Z+dR+XD3azAV+At5yBw/+dZywR4OA4oHfHBx/q/3zQ62sx260nOtxe27rtXJ9/+KmqkVZy8BU1+AL8hQBKcHh2CJSJ9mgDsFPWA7sdDw9qNTYB/wC7+sD5OTgol/IAfK6JkCY1ACruo2plX1gQlgMPZN4SBPSO+RSw5Gvm90w6acY9UXrPhvApFZ9NcqAIsJo8mX/tnoUzD9YcqosDJrnwxjUAHKfymXE8Y8Ezw20v0Qftn4cPtjv49eDgr2V+n29x2/qq0ICJpxvzXpGDD6VQAF6JrgBUkykR0Im3iEX+tyQtdxRQgXYA/v73Nwjkd68RfW2OlyLVve4wXSQvLgNIk9cyBgC85PA62W9OXuXQN6YvGuf07V46qVxQ0KCKwWtD7Z1r71wvkE7Y70zvjdvNHRCPmb26/uFPkdLfdEqtcsVfSpd+2+0fn38Gm8RRxvM33xpS0QsvA8pq8vYrNIBy8QLxWv7dS6x23TLy7ReTvCLE8/3Slb9Jyq4x6/tJ3nj9y4ZBDtaabG4+USqNlIBl528y7sOw33j7yx9990t1b8tXhnkTw50rsMXx6U0wD33V1Tlru3/TT48n8v9rw+GlXxvPyCv6jAMle2kX7IpJivKu9n8BAAD//wimP2yYSgAA"
          },
          "sensitive_attributes": []
        }
      ]
    },
    {
      "mode": "managed",
      "type": "aws_ebs_volume",
      "name": "geth_data_volume",
      "provider": "provider[\"registry.terraform.io/hashicorp/aws\"]",
      "instances": [
        {
          "schema_version": 0,
          "attributes": {
            "arn": "arn:aws:ec2:us-east-1:288234451032:volume/vol-0d8662c1b403d36ca",
            "availability_zone": "us-east-1a",
            "create_time": "2026-03-13T22:20:57Z",
            "encrypted": true,
            "final_snapshot": false,
            "id": "vol-0d8662c1b403d36ca",
            "iops": 3000,
            "kms_key_id": "arn:aws:kms:us-east-1:288234451032:key/b931fcf5-60e9-421b-ad55-701be09a2709",
            "multi_attach_enabled": false,
            "outpost_arn": "",
            "region": "us-east-1",
            "size": 2000,
            "snapshot_id": "",
            "tags": {
              "Name": "geth-data-volume"
            },
            "tags_all": {
              "Environment": "staking",
              "Name": "geth-data-volume",
              "Terraform": "true"
            },
            "throughput": 125,
            "timeouts": null,
            "type": "gp3",
            "volume_initialization_rate": 0
          },
          "sensitive_attributes": [],
          "private": "eyJlMmJmYjczMC1lY2FhLTExZTYtOGY4OC0zNDM2M2JjN2M0YzAiOnsiY3JlYXRlIjozMDAwMDAwMDAwMDAsImRlbGV0ZSI6NjAwMDAwMDAwMDAwLCJ1cGRhdGUiOjMwMDAwMDAwMDAwMH19"
        }
      ]
    },
    {
      "mode": "managed",
      "type": "aws_ebs_volume",
      "name": "prysm_beacon_data_volume",
      "provider": "provider[\"registry.terraform.io/hashicorp/aws\"]",
      "instances": [
        {
          "schema_version": 0,
          "attributes": {
            "arn": "arn:aws:ec2:us-east-1:288234451032:volume/vol-0bb664f40af28e263",
            "availability_zone": "us-east-1a",
            "create_time": "2026-03-13T22:20:57Z",
            "encrypted": true,
            "final_snapshot": false,
            "id": "vol-0bb664f40af28e263",
            "iops": 3000,
            "kms_key_id": "arn:aws:kms:us-east-1:288234451032:key/b931fcf5-60e9-421b-ad55-701be09a2709",
            "multi_attach_enabled": false,
            "outpost_arn": "",
            "region": "us-east-1",
            "size": 1000,
            "snapshot_id": "",
            "tags": {
              "Name": "prysm-beacon-data-volume"
            },
            "tags_all": {
              "Environment": "staking",
              "Name": "prysm-beacon-data-volume",
              "Terraform": "true"
            },
            "throughput": 125,
            "timeouts": null,
            "type": "gp3",
            "volume_initialization_rate": 0
          },
          "sensitive_attributes": [],
          "private": "eyJlMmJmYjczMC1lY2FhLTExZTYtOGY4OC0zNDM2M2JjN2M0YzAiOnsiY3JlYXRlIjozMDAwMDAwMDAwMDAsImRlbGV0ZSI6NjAwMDAwMDAwMDAwLCJ1cGRhdGUiOjMwMDAwMDAwMDAwMH19"
        }
      ]
    },
    {
      "mode": "managed",
      "type": "aws_ebs_volume",
      "name": "prysm_validator_data_volume",
      "provider": "provider[\"registry.terraform.io/hashicorp/aws\"]",
      "instances": [
        {
          "schema_version": 0,
          "attributes": {
            "arn": "arn:aws:ec2:us-east-1:288234451032:volume/vol-0379b706257f3707e",
            "availability_zone": "us-east-1a",
            "create_time": "2026-03-13T22:20:57Z",
            "encrypted": true,
            "final_snapshot": false,
            "id": "vol-0379b706257f3707e",
            "iops": 3000,
            "kms_key_id": "arn:aws:kms:us-east-1:288234451032:key/b931fcf5-60e9-421b-ad55-701be09a2709",
            "multi_attach_enabled": false,
            "outpost_arn": "",
            "region": "us-east-1",
            "size": 500,
            "snapshot_id": "",
            "tags": {
              "Name": "prysm-validator-data-volume"
            },
            "tags_all": {
              "Environment": "staking",
              "Name": "prysm-validator-data-volume",
              "Terraform": "true"
            },
            "throughput": 125,
            "timeouts": null,
            "type": "gp3",
            "volume_initialization_rate": 0
          },
          "sensitive_attributes": [],
          "private": "eyJlMmJmYjczMC1lY2FhLTExZTYtOGY4OC0zNDM2M2JjN2M0YzAiOnsiY3JlYXRlIjozMDAwMDAwMDAwMDAsImRlbGV0ZSI6NjAwMDAwMDAwMDAwLCJ1cGRhdGUiOjMwMDAwMDAwMDAwMH19"
        }
      ]
    },
    {
      "mode": "managed",
      "type": "aws_eip",
      "name": "ethereum_node",
      "provider": "provider[\"registry.terraform.io/hashicorp/aws\"]",
      "instances": [
        {
          "schema_version": 0,
          "attributes": {
            "address": null,
            "allocation_id": "eipalloc-0ea52825b3f93d5e5",
            "arn": "arn:aws:ec2:us-east-1:288234451032:elastic-ip/eipalloc-0ea52825b3f93d5e5",
            "associate_with_private_ip": null,
            "association_id": "eipassoc-09e3c727178109897",
            "carrier_ip": "",
            "customer_owned_ip": "",
            "customer_owned_ipv4_pool": "",
            "domain": "vpc",
            "id": "eipalloc-0ea52825b3f93d5e5",
            "instance": "i-0d3d077e92982cb08",
            "ipam_pool_id": null,
            "network_border_group": "us-east-1",
            "network_interface": "eni-051b71cc37613d5a9",
            "private_dns": "ip-10-0-1-43.ec2.internal",
            "private_ip": "10.0.1.43",
            "ptr_record": "",
            "public_dns": "ec2-34-206-203-189.compute-1.amazonaws.com",
            "public_ip": "34.206.203.189",
            "public_ipv4_pool": "amazon",
            "region": "us-east-1",
            "tags": {},
            "tags_all": {
              "Environment": "staking",
              "Terraform": "true"
            },
            "timeouts": null
          },
          "sensitive_attributes": [],
          "private": "eyJlMmJmYjczMC1lY2FhLTExZTYtOGY4OC0zNDM2M2JjN2M0YzAiOnsiZGVsZXRlIjoxODAwMDAwMDAwMDAsInJlYWQiOjkwMDAwMDAwMDAwMCwidXBkYXRlIjozMDAwMDAwMDAwMDB9fQ=="
        }
      ]
    },
    {
      "mode": "managed",
      "type": "aws_eip_association",
      "name": "ethereum_node",
      "provider": "provider[\"registry.terraform.io/hashicorp/aws\"]",
      "instances": [
        {
          "schema_version": 0,
          "attributes": {
            "allocation_id": "eipalloc-0ea52825b3f93d5e5",
            "allow_reassociation": null,
            "id": "eipassoc-09e3c727178109897",
            "instance_id": "i-0d3d077e92982cb08",
            "network_interface_id": "eni-051b71cc37613d5a9",
            "private_ip_address": "10.0.1.43",
            "public_ip": "34.206.203.189",
            "region": "us-east-1"
          },
          "sensitive_attributes": [],
          "private": "bnVsbA==",
          "dependencies": [
            "aws_ebs_volume.geth_data_volume",
            "aws_ebs_volume.prysm_beacon_data_volume",
            "aws_eip.ethereum_node",
            "aws_iam_instance_profile.instance_profile",
            "aws_iam_role.instance_role",
            "aws_instance.ethereum_node",
            "aws_route53_zone.internal_zone",
            "aws_security_group.ethereum_node",
            "data.aws_iam_policy_document.instance_assume_role",
            "data.cloudinit_config.ethereum_node",
            "module.vpc.aws_subnet.public",
            "module.vpc.aws_vpc.this",
            "module.vpc.aws_vpc_ipv4_cidr_block_association.this"
          ]
        }
      ]
    },
    {
      "mode": "managed",
      "type": "aws_iam_instance_profile",
      "name": "instance_profile",
      "provider": "provider[\"registry.terraform.io/hashicorp/aws\"]",
      "instances": [
        {
          "schema_version": 0,
          "attributes": {
            "arn": "arn:aws:iam::288234451032:instance-profile/instance-profile",
            "create_date": "2026-03-13T22:20:58Z",
            "id": "instance-profile",
            "name": "instance-profile",
            "name_prefix": "",
            "path": "/",
            "role": "ethereum-instance-role",
            "tags": {},
            "tags_all": {
              "Environment": "staking",
              "Terraform": "true"
            },
            "unique_id": "AIPAUGHA4WBMBT7RCB4QT"
          },
          "sensitive_attributes": [],
          "private": "bnVsbA==",
          "dependencies": [
            "aws_iam_role.instance_role",
            "data.aws_iam_policy_document.instance_assume_role"
          ]
        }
      ]
    },
    {
      "mode": "managed",
      "type": "aws_iam_role",
      "name": "instance_role",
      "provider": "provider[\"registry.terraform.io/hashicorp/aws\"]",
      "instances": [
        {
          "schema_version": 0,
          "attributes": {
            "arn": "arn:aws:iam::288234451032:role/ethereum-instance-role",
            "assume_role_policy": "{\"Statement\":[{\"Action\":\"sts:AssumeRole\",\"Effect\":\"Allow\",\"Principal\":{\"Service\":\"ec2.amazonaws.com\"}}],\"Version\":\"2012-10-17\"}",
            "create_date": "2026-03-13T22:20:57Z",
            "description": "",
            "force_detach_policies": false,
            "id": "ethereum-instance-role",
            "inline_policy": [
              {
                "name": "Allow_hosted_zone_update",
                "policy": "{\"Version\":\"2012-10-17\",\"Statement\":[{\"Action\":[\"route53:GetHostedZone\",\"route53:ChangeResourceRecordSets\",\"route53:ListResourceRecordSets\"],\"Effect\":\"Allow\",\"Resource\":[\"arn:aws:route53:::hostedzone/Z03062132FFJ0WUA8G71N\"]},{\"Action\":[\"route53:ListHostedZones\"],\"Effect\":\"Allow\",\"Resource\":[\"*\"]}]}"
              }
            ],
            "managed_policy_arns": [
              "arn:aws:iam::aws:policy/AmazonSSMFullAccess"
            ],
            "max_session_duration": 3600,
            "name": "ethereum-instance-role",
            "name_prefix": "",
            "path": "/",
            "permissions_boundary": "",
            "tags": {},
            "tags_all": {
              "Environment": "staking",
              "Terraform": "true"
            },
            "unique_id": "AROAUGHA4WBMACIB62QCR"
          },
          "sensitive_attributes": [],
          "private": "bnVsbA==",
          "dependencies": [
            "data.aws_iam_policy_document.instance_assume_role"
          ]
        }
      ]
    },
    {
      "mode": "managed",
      "type": "aws_iam_role_policy",
      "name": "dns_update",
      "provider": "provider[\"registry.terraform.io/hashicorp/aws\"]",
      "instances": [
        {
          "schema_version": 0,
          "attributes": {
            "id": "ethereum-instance-role:Allow_hosted_zone_update",
            "name": "Allow_hosted_zone_update",
            "name_prefix": "",
            "policy": "{\"Version\":\"2012-10-17\",\"Statement\":[{\"Action\":[\"route53:GetHostedZone\",\"route53:ChangeResourceRecordSets\",\"route53:ListResourceRecordSets\"],\"Effect\":\"Allow\",\"Resource\":[\"arn:aws:route53:::hostedzone/Z03062132FFJ0WUA8G71N\"]},{\"Action\":[\"route53:ListHostedZones\"],\"Effect\":\"Allow\",\"Resource\":[\"*\"]}]}",
            "role": "ethereum-instance-role"
          },
          "sensitive_attributes": [],
          "private": "bnVsbA==",
          "dependencies": [
            "aws_iam_role.instance_role",
            "aws_route53_zone.internal_zone",
            "data.aws_iam_policy_document.instance_assume_role",
            "module.vpc.aws_vpc.this"
          ]
        }
      ]
    },
    {
      "mode": "managed",
      "type": "aws_iam_role_policy_attachment",
      "name": "ssm_session",
      "provider": "provider[\"registry.terraform.io/hashicorp/aws\"]",
      "instances": [
        {
          "schema_version": 0,
          "attributes": {
            "id": "ethereum-instance-role/arn:aws:iam::aws:policy/AmazonSSMFullAccess",
            "policy_arn": "arn:aws:iam::aws:policy/AmazonSSMFullAccess",
            "role": "ethereum-instance-role"
          },
          "sensitive_attributes": [],
          "private": "bnVsbA==",
          "dependencies": [
            "aws_iam_role.instance_role",
            "data.aws_iam_policy_document.instance_assume_role"
          ]
        }
      ]
    },
    {
      "mode": "managed",
      "type": "aws_instance",
      "name": "ethereum_node",
      "provider": "provider[\"registry.terraform.io/hashicorp/aws\"]",
      "instances": [
        {
          "schema_version": 2,
          "attributes": {
            "ami": "ami-0b6c6ebed2801a5cb",
            "arn": "arn:aws:ec2:us-east-1:288234451032:instance/i-0d3d077e92982cb08",
            "associate_public_ip_address": true,
            "availability_zone": "us-east-1a",
            "capacity_reservation_specification": [
              {
                "capacity_reservation_preference": "open",
                "capacity_reservation_target": []
              }
            ],
            "cpu_options": [
              {
                "amd_sev_snp": "",
                "core_count": 2,
                "nested_virtualization": "",
                "threads_per_core": 2
              }
            ],
            "credit_specification": [
              {
                "cpu_credits": "unlimited"
              }
            ],
            "disable_api_stop": false,
            "disable_api_termination": false,
            "ebs_block_device": [
              {
                "delete_on_termination": false,
                "device_name": "/dev/sdg",
                "encrypted": true,
                "iops": 3000,
                "kms_key_id": "arn:aws:kms:us-east-1:288234451032:key/b931fcf5-60e9-421b-ad55-701be09a2709",
                "snapshot_id": "",
                "tags": {
                  "Environment": "staking",
                  "Name": "geth-data-volume",
                  "Terraform": "true"
                },
                "tags_all": {
                  "Environment": "staking",
                  "Name": "geth-data-volume",
                  "Terraform": "true"
                },
                "throughput": 125,
                "volume_id": "vol-0d8662c1b403d36ca",
                "volume_size": 2000,
                "volume_type": "gp3"
              },
              {
                "delete_on_termination": false,
                "device_name": "/dev/sdh",
                "encrypted": true,
                "iops": 3000,
                "kms_key_id": "arn:aws:kms:us-east-1:288234451032:key/b931fcf5-60e9-421b-ad55-701be09a2709",
                "snapshot_id": "",
                "tags": {
                  "Environment": "staking",
                  "Name": "prysm-beacon-data-volume",
                  "Terraform": "true"
                },
                "tags_all": {
                  "Environment": "staking",
                  "Name": "prysm-beacon-data-volume",
                  "Terraform": "true"
                },
                "throughput": 125,
                "volume_id": "vol-0bb664f40af28e263",
                "volume_size": 1000,
                "volume_type": "gp3"
              }
            ],
            "ebs_optimized": false,
            "enable_primary_ipv6": null,
            "enclave_options": [
              {
                "enabled": false
              }
            ],
            "ephemeral_block_device": [],
            "force_destroy": false,
            "get_password_data": false,
            "hibernation": false,
            "host_id": "",
            "host_resource_group_arn": null,
            "iam_instance_profile": "instance-profile",
            "id": "i-0d3d077e92982cb08",
            "instance_initiated_shutdown_behavior": "stop",
            "instance_lifecycle": "",
            "instance_market_options": [],
            "instance_state": "running",
            "instance_type": "t3.xlarge",
            "ipv6_address_count": 0,
            "ipv6_addresses": [],
            "key_name": "",
            "launch_template": [],
            "maintenance_options": [
              {
                "auto_recovery": "default"
              }
            ],
            "metadata_options": [
              {
                "http_endpoint": "enabled",
                "http_protocol_ipv6": "disabled",
                "http_put_response_hop_limit": 2,
                "http_tokens": "required",
                "instance_metadata_tags": "disabled"
              }
            ],
            "monitoring": false,
            "network_interface": [],
            "outpost_arn": "",
            "password_data": "",
            "placement_group": "",
            "placement_group_id": "",
            "placement_partition_number": 0,
            "primary_network_interface": [
              {
                "delete_on_termination": true,
                "network_interface_id": "eni-051b71cc37613d5a9"
              }
            ],
            "primary_network_interface_id": "eni-051b71cc37613d5a9",
            "private_dns": "ip-10-0-1-43.ec2.internal",
            "private_dns_name_options": [
              {
                "enable_resource_name_dns_a_record": false,
                "enable_resource_name_dns_aaaa_record": false,
                "hostname_type": "ip-name"
              }
            ],
            "private_ip": "10.0.1.43",
            "public_dns": "ec2-34-206-203-189.compute-1.amazonaws.com",
            "public_ip": "34.206.203.189",
            "region": "us-east-1",
            "root_block_device": [
              {
                "delete_on_termination": true,
                "device_name": "/dev/sda1",
                "encrypted": false,
                "iops": 3000,
                "kms_key_id": "",
                "tags": {
                  "Environment": "staking",
                  "Terraform": "true"
                },
                "tags_all": {
                  "Environment": "staking",
                  "Terraform": "true"
                },
                "throughput": 125,
                "volume_id": "vol-0bbd381627f4debf1",
                "volume_size": 8,
                "volume_type": "gp3"
              }
            ],
            "secondary_network_interface": [],
            "secondary_private_ips": [],
            "security_groups": [],
            "source_dest_check": true,
            "spot_instance_request_id": "",
            "subnet_id": "subnet-0e2b9e1747bb25773",
            "tags": {
              "Name": "ethereum-node"
            },
            "tags_all": {
              "Environment": "staking",
              "Name": "ethereum-node",
              "Terraform": "true"
            },
            "tenancy": "default",
            "timeouts": null,
            "user_data": null,
            "user_data_base64": "H4sIAAAAAAAA/+xZbW/bOPJ/L6DfYVYxkC4QSo6TuPlr1ws4idPN/vMEO8liHwqDlsYWG4nUkVQc77bf/UBKtmVHTtvtFde7276JyBnODIc/zvzoHguukWtyM8swgDRPNMuo1H7KHjH6DkYi5xGVs457cXbRO7q6vTzp9n9xHTMidygVEzyAXa/5wnnhEFJVeuHMbZ8wlQnFtNWlWtMwTpHr72DMEuQ0xY4bJiKPSCj4mE28GU0Td7n8RlKuxihJj4ciYnwSwKsR0xUFG7vGR+1X7bxwLliKT6Lcquo4sVDahBAA6hgl5inhIkInlEg1DufioQk1AC1zdJyJFHmmAgeAmFXk7VQ7zlQyXaipwCGQUR0H4KMOfTVTGtOo/OtPUMeeQvnAQnQAwmITAbxzAAB+u+VMv3Hs9wmqULLM5K3zGnUMp3mSwKUJz4i7Y42yw1FPhbwngieMo6epnKC28p8p12qDvPA1KKJ4Y0cmix3F0iwpzPdRaSp1hyZTOlPVqQGGnYNi5lah7JgdFR6FvGd8csIkhlrIWcePRYr+Qt57xHBgjfq5kv6IcSuD360UgJBY62xt6NGMmTTvcNQ7yCeM4w6NUsarekJErDKOqKYRk7D071uVoRFU9GiuY5mF3tupVhhK1OA/UOknbOQXY+W/nWovxscyY2dcaZokbxYJxuho1rHXhuQK5TL/GcqUKYM8FcB2s72/v/0sLDI5UykZIQ0F/3R4XJvVcGRXw3FMGf+6IFLd3XNQeaJXgcwTBQsgO+GpGIo5EprNfzQ0Vs3ZP+sYwUcMc5NkgjzKBOMaDCwD399tvfKaXtPbDQ4PDnYrS95ONfkAniraYYzhvTVM1IyHJJeJ9aACv0CtVwSmNNXoMT4WlcVZKyOmSBGWwd6+12q2vVZzz9s9/L+KksxCqwSN6/4vg4vhUa97fHU57F8fD3+8GtxUL0QYYqaJRpkqIsYG018c+RFXeRaZvX0I9uuov7XLFpUbTOUGiUrkMjQfoZDRF7sHgqOKha4rbIkIaWLRWWws4qoIxlNxeUtSyriNqvfIdGeGCv4leV4m+iPiWEvy1jdWdUTLIK/7Z3fdm97w7LrTeDlvhEDOvi0i3YJfRC4hEmYrQHkERgcj+ENwhLMTq2Tg1TsZ/np12RuenXR+be41263dvdbp6U/Nn2+7h69f7V4WGekdX/VPhpfdi17HXWnFntLUlAqPcY2S08Sd+z+2PRoo/DS4urRkArSAMKZ8gqBjhG4VAyHV8P33vatT+AF8nWa+FLnGg71hsUB5b1VZc/4sr4N7LFJDVNzALZE2NwhjIaFRidk4biwT5u4sTBTG3eC3cmZp3sq7oUGy8XA96PVvFgutsF9CuW+dDlC7QXUxgHtJU3QDtxrKigkA14DVDdzuk/mbczfYba7Nrrpciftp9OWaO5rkNopKAta03q+M3zh1kvlXIS1GvavT+WnfKoTuzwM4Pj8z2S4QbY+5bw4SDvbmh6PKW02nCspDLlFB5sWBFKpEoVa2SRjkEoNcwiJorMLW1mi7fER1GFukBb7/HIjW7ubBQXP78whyc3eoUOcZWbsb8V8kyo9ExZgkRS3dxJS/WdA05A9gCwONIlOFbM5SrBAs01qZoqMEI5JRpabmJAiZYCgUbFv6epww5HobLB+sNVRtx7UGYW5wlfCUhlfYg7GeiggIBfJ6ztML3/WildXOFnSjCLrXNyAxEyZcQjNNzEAxw1iAzCDLaDA/EH/+4dBMG2GBUDMiE9TAisK+7FZk9kSW8z9YZgRhlQTQqQoT5tGU/iE4nSovFGk5adgJSRjPH8njYXvY3vesAQGF+KFlxk5p9h+rs56x4ZeuHZkCkWPw/BWd6qzJSVlyS3JjqqAl15XUpWBINXLNQmoA7aT3hm6R7AkVckSGXKkEpGkexJCivZYpzpsoeBhPZAakvzixJxbD2Bzrq4PmUyOlrL1fI1tw/MUG5yxxvsNyF7XvCSeMxZRbtcDehE1aNrZXzQ3yeuc2syW3XQliE3Mto6mKg5Vr9cHlq2FuVHS2oOQqHxsk4wWuiVpAW9KpN2E6zkfmTpaExOL7ajy2VP6cjlRhx0+p0iiXjJ8Qkess1xucLRTLlJD+J2bFxLsE1HMKBxsVlkE4WzCwhDfUiaPmX6ZZEeQPTApuaj7UMvR1ArZcHlFMBScSE0Gjz2wxrbLFGGTadxJ5EEme/hu6DIaxMNwJQ8P87NWytwKKgFzHed27+XF40r3pDu+uzm8vLLt8EAlpRoftdivcHe0396K9dkhrNRsvrYdGjQzegZZAItgm29+WgfSOBlBrpmbSdZyj86vj/x+e9O7OjnudxstEjZJ7Y5EIMARtZ9Drn3XP4R1MJGbg1lqBd0Cn97D9ZybNi9P1I3zw3cbu+0VQq16qo7UQhoOb7s3toNN4aSkyUbCiDe8gzDWQaDvYBjJuLRMAtb4W5momXcdhY/gN6mTQ6YBrDtGFN47pEA6AtX5nz7T+MJgCCpJOIULz/ALGV23PbZwKmVJtsFIqrmul92MFRMPjeG37ztyEpfjGgn2jjpWmIwfg9tbCZZTcG164lrfqCTVa77cXqXN/d91vzQsrq1irfBKMmO388dy72zCeADb8ZAU2cPMvwjHNE612uBhTlkATWi788MMm4+lDrWR1k5vKyTy4C5HzjcmFRfVc72gAqVm4UfpxfdPoPd85MVH40WAaW6SYd6r9rdbu/G8M/MdjYMw+s/ntlc2v2sC/qiZYJVlrzbDgDHXdcDRqt/fH+006bh1iq71Xrzpvh3XCTf2w3lDd7F/oiLVm/gdbYu2B/Ff3xLX/AKirixt/s//0ArnmraZQrj4SvkDB3Pi+Wq2cz6h95oPvaW3dqFrXaDdD9CvrtH8j6ytGVk37JuSF888AAAD//7NFy2ieIAAA",
            "user_data_replace_on_change": true,
            "volume_tags": null,
            "vpc_security_group_ids": [
              "sg-040baf2d6a78e03f2"
            ]
          },
          "sensitive_attributes": [],
          "private": "eyJlMmJmYjczMC1lY2FhLTExZTYtOGY4OC0zNDM2M2JjN2M0YzAiOnsiY3JlYXRlIjo2MDAwMDAwMDAwMDAsImRlbGV0ZSI6MTIwMDAwMDAwMDAwMCwicmVhZCI6OTAwMDAwMDAwMDAwLCJ1cGRhdGUiOjYwMDAwMDAwMDAwMH0sInNjaGVtYV92ZXJzaW9uIjoiMiJ9",
          "dependencies": [
            "aws_ebs_volume.geth_data_volume",
            "aws_ebs_volume.prysm_beacon_data_volume",
            "aws_eip.ethereum_node",
            "aws_iam_instance_profile.instance_profile",
            "aws_iam_role.instance_role",
            "aws_route53_zone.internal_zone",
            "aws_security_group.ethereum_node",
            "data.aws_iam_policy_document.instance_assume_role",
            "data.cloudinit_config.ethereum_node",
            "module.vpc.aws_subnet.public",
            "module.vpc.aws_vpc.this",
            "module.vpc.aws_vpc_ipv4_cidr_block_association.this"
          ]
        }
      ]
    },
    {
      "mode": "managed",
      "type": "aws_instance",
      "name": "ethereum_validator",
      "provider": "provider[\"registry.terraform.io/hashicorp/aws\"]",
      "instances": [
        {
          "schema_version": 2,
          "attributes": {
            "ami": "ami-0b6c6ebed2801a5cb",
            "arn": "arn:aws:ec2:us-east-1:288234451032:instance/i-067a14bfba5512ef4",
            "associate_public_ip_address": false,
            "availability_zone": "us-east-1a",
            "capacity_reservation_specification": [
              {
                "capacity_reservation_preference": "open",
                "capacity_reservation_target": []
              }
            ],
            "cpu_options": [
              {
                "amd_sev_snp": "",
                "core_count": 2,
                "nested_virtualization": "",
                "threads_per_core": 2
              }
            ],
            "credit_specification": [
              {
                "cpu_credits": "unlimited"
              }
            ],
            "disable_api_stop": false,
            "disable_api_termination": false,
            "ebs_block_device": [
              {
                "delete_on_termination": false,
                "device_name": "/dev/sdg",
                "encrypted": true,
                "iops": 3000,
                "kms_key_id": "arn:aws:kms:us-east-1:288234451032:key/b931fcf5-60e9-421b-ad55-701be09a2709",
                "snapshot_id": "",
                "tags": {
                  "Environment": "staking",
                  "Name": "prysm-validator-data-volume",
                  "Terraform": "true"
                },
                "tags_all": {
                  "Environment": "staking",
                  "Name": "prysm-validator-data-volume",
                  "Terraform": "true"
                },
                "throughput": 125,
                "volume_id": "vol-0379b706257f3707e",
                "volume_size": 500,
                "volume_type": "gp3"
              }
            ],
            "ebs_optimized": false,
            "enable_primary_ipv6": null,
            "enclave_options": [
              {
                "enabled": false
              }
            ],
            "ephemeral_block_device": [],
            "force_destroy": false,
            "get_password_data": false,
            "hibernation": false,
            "host_id": "",
            "host_resource_group_arn": null,
            "iam_instance_profile": "instance-profile",
            "id": "i-067a14bfba5512ef4",
            "instance_initiated_shutdown_behavior": "stop",
            "instance_lifecycle": "",
            "instance_market_options": [],
            "instance_state": "running",
            "instance_type": "t3.xlarge",
            "ipv6_address_count": 0,
            "ipv6_addresses": [],
            "key_name": "",
            "launch_template": [],
            "maintenance_options": [
              {
                "auto_recovery": "default"
              }
            ],
            "metadata_options": [
              {
                "http_endpoint": "enabled",
                "http_protocol_ipv6": "disabled",
                "http_put_response_hop_limit": 2,
                "http_tokens": "required",
                "instance_metadata_tags": "disabled"
              }
            ],
            "monitoring": false,
            "network_interface": [],
            "outpost_arn": "",
            "password_data": "",
            "placement_group": "",
            "placement_group_id": "",
            "placement_partition_number": 0,
            "primary_network_interface": [
              {
                "delete_on_termination": true,
                "network_interface_id": "eni-0ab781755a216c462"
              }
            ],
            "primary_network_interface_id": "eni-0ab781755a216c462",
            "private_dns": "ip-10-0-128-168.ec2.internal",
            "private_dns_name_options": [
              {
                "enable_resource_name_dns_a_record": false,
                "enable_resource_name_dns_aaaa_record": false,
                "hostname_type": "ip-name"
              }
            ],
            "private_ip": "10.0.128.168",
            "public_dns": "",
            "public_ip": "",
            "region": "us-east-1",
            "root_block_device": [
              {
                "delete_on_termination": true,
                "device_name": "/dev/sda1",
                "encrypted": false,
                "iops": 3000,
                "kms_key_id": "",
                "tags": {
                  "Environment": "staking",
                  "Terraform": "true"
                },
                "tags_all": {
                  "Environment": "staking",
                  "Terraform": "true"
                },
                "throughput": 125,
                "volume_id": "vol-038fe9ff9e0d14a58",
                "volume_size": 8,
                "volume_type": "gp3"
              }
            ],
            "secondary_network_interface": [],
            "secondary_private_ips": [],
            "security_groups": [],
            "source_dest_check": true,
            "spot_instance_request_id": "",
            "subnet_id": "subnet-06aaaf4d945c4f0cc",
            "tags": {
              "Name": "ethereum-validator"
            },
            "tags_all": {
              "Environment": "staking",
              "Name": "ethereum-validator",
              "Terraform": "true"
            },
            "tenancy": "default",
            "timeouts": null,
            "user_data": null,
            "user_data_base64": "H4sIAAAAAAAA/+xccXPiOLL/n6r5DrrMVGXv1TkxBiaTbOWqTGyIeZFYiI0j3c5LGVtgGcumbBGw3tx3f2VDEiYhl8zuvpm9K35VJMhqdbdarW7hqtZFmgiaCMUu5vQM8EUs2NzLxDFnKxr8DMbpIgm8rDg/gBY0230HGfoQH9TKljKiWc7S5AzUj9R3tXc1Rdkmele7522wfJ7mTFS0nhCeH3KaiJ/BhMU08Tg9P/DjdBEofppM2PSo8Hh88Djczrwkn9BMMRM/DVgyPQMnYya2CCrdBV2J420+72qQcfpMy/fbNLUwzUWpwhmgIqQZXXDlzotZ4Ik0q/kZ9QS9vae5LfU9AyJb0FptmTGxfpKf1RQw90R4Bo6p8I/zIheUB5v/x/OsyCumRznN7phPawD4a83PwJcaAAD8w0mY+Fyrvhs09zM2L411/ks5FIzu9QEXMaOJqMj0iaDZ+Zr3mHp+mhwJL5vSda/rJSLf2buWd73W5HPVKs13njM+j2nVHtJceJk49+KlV+Tbj66pf95aP3HyB/F3XrwWmmYzlkwNllFfpFlxfhymnB5/TWSuqH9dsX/Sezxmybp1lIfgYQ3Ar9UwABQlTNOAbbUDT3gBy8BTRg9jb0uK4/LP1qilF8dUKG8YuKZ8PnTu5fkyzQKlXPy3MXkYcyRW2xzXa6Nkc1+ZZ+kdC2j26IdJGtCjXHilUY9YImiWePFZU1XVLQ6e79O5UATNeK6kE2WR080aW0kuvDj+/OAQNGgX59UOL6myR3+Z04yzvNwk+Rk4VD82m4e1R5fOFpt1URifp5lQZrTIt6ZZNkteNQDowwYdf2xuu/kVO9Wwu5qTbkcdN3oTTxu1/OKT/l1h6Eto6A0kHR2W322/DvXq2QpJZ7npf/johlmHtqOiCBZI6nW9pCvHLPUpGnxf1XejXfcbw9Bn+lS/7NWpe5p7NyT2bnrhvxrlJ6PWWFvNAz6a+9z8fur+e2Bx1SDhuBvP8M3wzo9PM3ITyyttGPvdU+ndDCelD+NrdYWkL6F0CiinzSs+l2Ot+YcpsfbBwfK5f5oNZN/3V20JDV2HtrNC9kCD0mpAo/Rvq4ASL/ULffmHKfV7cDmSQbdTWBff4n/tIriJ78bdWCNuXOA/xZ77E6EjTqykXcdcxPTa+mhdWC1k43rfdQpooJDYMYNRyEkEW9geqMSFS2IMVljrcdLtMSh7MTKCGY7aIZSdCBpYQ12ngLzHSBSwvj2o9412WI5DtqkiCTUcBbxv6wXhKIQurkN7tkKa1YSyHZHIZFcXOgu0WPW6wwLfBOG4cxr5fDQjbkv13E7uF5WeS2h/HWu//rRDJAeybxNGbHMJpb8k0YhDw1SJazWxJCGx2xGMgogYJMS2qUJ71rTYcmrxjhg3RovgwvpoGbDY5lvq5mtxMuYdNbjpxVaUTq1oquLIqfe7owjJDoNRzKBtSaQ5LShnDRwNY9gdccgRIwZeEVuvI+mrSMONvgFXfQNqxNYL7A5npNRDG/J+aatILzC3GsieqdglM2L4GoxITOzhjESw3nfNFXQHEkqzQQxTxfag1bdhi7jWsm/EMZKwAY1hiCOrhTRHRdIvSBdxJOMIc2dVzh3zUQhtvwFd2ELuaIYkrhNuNrHbCdcfp4GjNsfRkCG3x7E7WGFuSRJZDeI6dcwtFV5buXXRm5Gb9p2vxeqNVo/9BgqJNpr4/PSusuOFJXE0LaBBYhgNJJJwibnZgBy3UAQbiA+aSBJOIjSDHKt9exjjCDdx5JTzU2E5B7vNoa0XyHVUzK0VlrNivV5P4urotBhrp+p6bfwm4abEkSVLP+wbnRAaPV76ZsmXRFaTRHAFtWGEudkidi8i9mxJjFHU75otqJlNaLdDpJkrFA05lm2G3UHlo4SfFl79VCM3Pem5p4u1PLPyk75tLte6teLgMrjzuZiMeUeQao/10rF2OvOe2Q3l3ugZvwVkzcJK6sGPDhV7vBkv5H8R0xtUnl3jK7c+KWNE3+hMyhwLO5+WN7I9gRd/3Jng2/I/3pX/VWib+/z/n4zLnOFGr+VfDu/KeEOLXka6mPVZ+8TipD7mSH2IRQmK/CReBhdV3Frim144voEb2mE27o4qOiir/vX3CBfQHqhV3mRlPp1WY6u+62XJMxxfDlif6ayMuUjOJLRHDHWdFbSdOrHbnBh6gxhWExnDGTKcBnGHITRmGo6cFo6cgth4hQxTlmcSKIMZlgGHGi5z3goVvdNS9tgdSV/rJOv4a7FJKZujlLgo8xsjsZk7D9xWFHTjuzGr4rT0umaBbFzFe7/bKbBblxVtQy3nIcgNktgN1ucAbtaRDQvYdeowcrTyNx+UviTuMOp3hwzJQbPfdZokMiWK0KzfdSTWOpyUZybbacBoVp4HlsgOY8Kh1renBYwedJ373TCubHiZM5KMFrgxnI+1ZmU77I7klW0W/Yt6FFxaz/UtevOgmpNVwO5g2Xd7rO+WZyirSYzpkhidGXKtFnSHnES4jiNHhWyn7ZZITlso6sXEntZRRMK+PWshQ29guxwLG4QPYyTjGY7CCBm6SripQTvg2EYzUs7TdVbE0OvEmDWJXcYiEllJvZJFuiOJG725f/k4tyqP/gnPqH63o3rV2aYnrqRZxuvVlYQaNPQ7ePFpeSX19Vn2ZjQnazoOu05BDL1JmKr1XVi/socRjByBXdzATG0hXuprqThCjPDNWZiPCl/b+KQxPP3RIWOPV7G40joR1k7r42Qg/G5H+o3yDDhYBJeh+r2UWOd2rKFX87++hNK8z/8qkrpE5XnAMDUksdzn//9gdC0JbVhgm3AknTqyyQx2OwzafqvvIg6n6Y/WcI89Klyx0wZ2Vzm5+XExdfN+X0PR4A3v/53Vw/t/w1/CCDeq9//lmXipT+F3U/pfYf/+//8BDSyximxUnvkLzAey37WKfpcwrME6iSwNdlGMbaxCOWhhu81wFLOL6Y9We4899thjjz322GOPPfbYY4899thjjz322GOPPfbYY49/f5yfb5VpLfLsOE79TSHdlIpNHWOQZgqnImN+fpSHz2sP3/+lGkCTOzD2KgIA3ld/cyqAkoI5m9OJx9ble/4ii4GSg1CI+dnxWmCY5uLsk/qpfryRA76AaUbnQPkFHP7PY6FYLjyxyGn+ZetZ7OXi1hOC5oIGt3mciu3ehK7uez3B0uQZQb7wfZrnk0W8TZYfgi9AZODw1+QQHP78a3L4vMit1VIPf1fFqlq/zalYzJXndaNHefgby1dXSh7SOF5XgL5Uv/qXaq2/WjQvCBY5zaoiSf6sJhEoSsBybxzT4KEQEQBlSv00B4e7i0wPwWPdZu09uKgqYcF9yeUkzdb9j4WaNT57vaay5ofpMnlkffao46sDeRqAkxP1NcLae7CpfHyjhmOW1Cq3Ln06Pzs+zrzl0ZSJcDEubbrZLkd+yo/7k4kfeiy58sb5msMx93JBs8fCVUVJF2K+ELvEPFBtzKAM32SJSsH19FvPp//Y22ru7H2UWnsPrquaZF/Etfz+Gwg8ytNEyWicesHvK+NWtc2meNBgbfqqVle5S+MFp99/d1SBjC5WW7GsRv0wBQcXIfVnLJk+dZXK0cFa34Na7Zchvoa3hm7rt6P+lQPNW8s4v0tjRW2cnI5P1I9a62TSOFFP6G7SDz9V4j7s6lyHKiUAh8rhXzdqme1rsJvRrqcHtVr7qn/x37eGObIuzPMPP8X5OJ6VPJUUIB2af7s2h5Z+dR+XD3azAV+At5yBw/+dZywR4OA4oHfHBx/q/3zQ62sx260nOtxe27rtXJ9/+KmqkVZy8BU1+AL8hQBKcHh2CJSJ9mgDsFPWA7sdDw9qNTYB/wC7+sD5OTgol/IAfK6JkCY1ACruo2plX1gQlgMPZN4SBPSO+RSw5Gvm90w6acY9UXrPhvApFZ9NcqAIsJo8mX/tnoUzD9YcqosDJrnwxjUAHKfymXE8Y8Ezw20v0Qftn4cPtjv49eDgr2V+n29x2/qq0ICJpxvzXpGDD6VQAF6JrgBUkykR0Im3iEX+tyQtdxRQgXYA/v73Nwjkd68RfW2OlyLVve4wXSQvLgNIk9cyBgC85PA62W9OXuXQN6YvGuf07V46qVxQ0KCKwWtD7Z1r71wvkE7Y70zvjdvNHRCPmb26/uFPkdLfdEqtcsVfSpd+2+0fn38Gm8RRxvM33xpS0QsvA8pq8vYrNIBy8QLxWv7dS6x23TLy7ReTvCLE8/3Slb9Jyq4x6/tJ3nj9y4ZBDtaabG4+USqNlIBl528y7sOw33j7yx9990t1b8tXhnkTw50rsMXx6U0wD33V1Tlru3/TT48n8v9rw+GlXxvPyCv6jAMle2kX7IpJivKu9n8BAAD//wimP2yYSgAA",
            "user_data_replace_on_change": true,
            "volume_tags": null,
            "vpc_security_group_ids": [
              "sg-079492142163db66d"
            ]
          },
          "sensitive_attributes": [],
          "private": "eyJlMmJmYjczMC1lY2FhLTExZTYtOGY4OC0zNDM2M2JjN2M0YzAiOnsiY3JlYXRlIjo2MDAwMDAwMDAwMDAsImRlbGV0ZSI6MTIwMDAwMDAwMDAwMCwicmVhZCI6OTAwMDAwMDAwMDAwLCJ1cGRhdGUiOjYwMDAwMDAwMDAwMH0sInNjaGVtYV92ZXJzaW9uIjoiMiJ9",
          "dependencies": [
            "aws_ebs_volume.prysm_validator_data_volume",
            "aws_iam_instance_profile.instance_profile",
            "aws_iam_role.instance_role",
            "aws_route53_zone.internal_zone",
            "aws_security_group.ethereum_validator",
            "data.aws_iam_policy_document.instance_assume_role",
            "data.cloudinit_config.ethereum_validator",
            "module.vpc.aws_subnet.private",
            "module.vpc.aws_vpc.this",
            "module.vpc.aws_vpc_ipv4_cidr_block_association.this"
          ]
        }
      ]
    },
    {
      "mode": "managed",
      "type": "aws_route53_zone",
      "name": "internal_zone",
      "provider": "provider[\"registry.terraform.io/hashicorp/aws\"]",
      "instances": [
        {
          "schema_version": 0,
          "attributes": {
            "arn": "arn:aws:route53:::hostedzone/Z03062132FFJ0WUA8G71N",
            "comment": "Managed by Terraform",
            "delegation_set_id": "",
            "enable_accelerated_recovery": false,
            "force_destroy": true,
            "id": "Z03062132FFJ0WUA8G71N",
            "name": "staking.internal",
            "name_servers": [
              "ns-0.awsdns-00.com.",
              "ns-1024.awsdns-00.org.",
              "ns-1536.awsdns-00.co.uk.",
              "ns-512.awsdns-00.net."
            ],
            "primary_name_server": "ns-0.awsdns-00.com.",
            "tags": {},
            "tags_all": {
              "Environment": "staking",
              "Terraform": "true"
            },
            "timeouts": null,
            "vpc": [
              {
                "vpc_id": "vpc-097f874bd11050173",
                "vpc_region": "us-east-1"
              }
            ],
            "zone_id": "Z03062132FFJ0WUA8G71N"
          },
          "sensitive_attributes": [],
          "private": "eyJlMmJmYjczMC1lY2FhLTExZTYtOGY4OC0zNDM2M2JjN2M0YzAiOnsiY3JlYXRlIjoxODAwMDAwMDAwMDAwLCJkZWxldGUiOjE4MDAwMDAwMDAwMDAsInVwZGF0ZSI6MTgwMDAwMDAwMDAwMH19",
          "dependencies": [
            "module.vpc.aws_vpc.this"
          ]
        }
      ]
    },
    {
      "mode": "managed",
      "type": "aws_security_group",
      "name": "ethereum_node",
      "provider": "provider[\"registry.terraform.io/hashicorp/aws\"]",
      "instances": [
        {
          "schema_version": 1,
          "attributes": {
            "arn": "arn:aws:ec2:us-east-1:288234451032:security-group/sg-040baf2d6a78e03f2",
            "description": "ethereum_node traffic",
            "egress": [
              {
                "cidr_blocks": [
                  "0.0.0.0/0"
                ],
                "description": "",
                "from_port": 0,
                "ipv6_cidr_blocks": [],
                "prefix_list_ids": [],
                "protocol": "-1",
                "security_groups": [],
                "self": false,
                "to_port": 0
              }
            ],
            "id": "sg-040baf2d6a78e03f2",
            "ingress": [
              {
                "cidr_blocks": [
                  "0.0.0.0/0"
                ],
                "description": "",
                "from_port": 12000,
                "ipv6_cidr_blocks": [],
                "prefix_list_ids": [],
                "protocol": "udp",
                "security_groups": [],
                "self": false,
                "to_port": 12000
              },
              {
                "cidr_blocks": [
                  "0.0.0.0/0"
                ],
                "description": "",
                "from_port": 13000,
                "ipv6_cidr_blocks": [],
                "prefix_list_ids": [],
                "protocol": "udp",
                "security_groups": [],
                "self": false,
                "to_port": 13000
              },
              {
                "cidr_blocks": [
                  "0.0.0.0/0"
                ],
                "description": "",
                "from_port": 30303,
                "ipv6_cidr_blocks": [],
                "prefix_list_ids": [],
                "protocol": "tcp",
                "security_groups": [],
                "self": false,
                "to_port": 30303
              },
              {
                "cidr_blocks": [
                  "0.0.0.0/0"
                ],
                "description": "",
                "from_port": 30303,
                "ipv6_cidr_blocks": [],
                "prefix_list_ids": [],
                "protocol": "udp",
                "security_groups": [],
                "self": false,
                "to_port": 30303
              },
              {
                "cidr_blocks": [],
                "description": "",
                "from_port": 4000,
                "ipv6_cidr_blocks": [],
                "prefix_list_ids": [],
                "protocol": "tcp",
                "security_groups": [
                  "sg-079492142163db66d"
                ],
                "self": false,
                "to_port": 4000
              }
            ],
            "name": "ethereum_node",
            "name_prefix": "",
            "owner_id": "288234451032",
            "region": "us-east-1",
            "revoke_rules_on_delete": false,
            "tags": {
              "Name": "ethereum_node"
            },
            "tags_all": {
              "Environment": "staking",
              "Name": "ethereum_node",
              "Terraform": "true"
            },
            "timeouts": null,
            "vpc_id": "vpc-097f874bd11050173"
          },
          "sensitive_attributes": [],
          "private": "eyJlMmJmYjczMC1lY2FhLTExZTYtOGY4OC0zNDM2M2JjN2M0YzAiOnsiY3JlYXRlIjo2MDAwMDAwMDAwMDAsImRlbGV0ZSI6OTAwMDAwMDAwMDAwfSwic2NoZW1hX3ZlcnNpb24iOiIxIn0=",
          "dependencies": [
            "module.vpc.aws_vpc.this"
          ]
        }
      ]
    },
    {
      "mode": "managed",
      "type": "aws_security_group",
      "name": "ethereum_validator",
      "provider": "provider[\"registry.terraform.io/hashicorp/aws\"]",
      "instances": [
        {
          "schema_version": 1,
          "attributes": {
            "arn": "arn:aws:ec2:us-east-1:288234451032:security-group/sg-079492142163db66d",
            "description": "ethereum_validator traffic",
            "egress": [
              {
                "cidr_blocks": [
                  "0.0.0.0/0"
                ],
                "description": "",
                "from_port": 0,
                "ipv6_cidr_blocks": [],
                "prefix_list_ids": [],
                "protocol": "-1",
                "security_groups": [],
                "self": false,
                "to_port": 0
              }
            ],
            "id": "sg-079492142163db66d",
            "ingress": [],
            "name": "ethereum_validator",
            "name_prefix": "",
            "owner_id": "288234451032",
            "region": "us-east-1",
            "revoke_rules_on_delete": false,
            "tags": {
              "Name": "ethereum_validator"
            },
            "tags_all": {
              "Environment": "staking",
              "Name": "ethereum_validator",
              "Terraform": "true"
            },
            "timeouts": null,
            "vpc_id": "vpc-097f874bd11050173"
          },
          "sensitive_attributes": [],
          "private": "eyJlMmJmYjczMC1lY2FhLTExZTYtOGY4OC0zNDM2M2JjN2M0YzAiOnsiY3JlYXRlIjo2MDAwMDAwMDAwMDAsImRlbGV0ZSI6OTAwMDAwMDAwMDAwfSwic2NoZW1hX3ZlcnNpb24iOiIxIn0=",
          "dependencies": [
            "module.vpc.aws_vpc.this"
          ]
        }
      ]
    },
    {
      "mode": "managed",
      "type": "aws_volume_attachment",
      "name": "geth_data_volume",
      "provider": "provider[\"registry.terraform.io/hashicorp/aws\"]",
      "instances": [
        {
          "schema_version": 0,
          "attributes": {
            "device_name": "/dev/sdg",
            "force_detach": null,
            "id": "vai-182507190",
            "instance_id": "i-0d3d077e92982cb08",
            "region": "us-east-1",
            "skip_destroy": null,
            "stop_instance_before_detaching": null,
            "timeouts": null,
            "volume_id": "vol-0d8662c1b403d36ca"
          },
          "sensitive_attributes": [],
          "private": "eyJlMmJmYjczMC1lY2FhLTExZTYtOGY4OC0zNDM2M2JjN2M0YzAiOnsiY3JlYXRlIjozMDAwMDAwMDAwMDAsImRlbGV0ZSI6MzAwMDAwMDAwMDAwfX0=",
          "dependencies": [
            "aws_ebs_volume.geth_data_volume",
            "aws_ebs_volume.prysm_beacon_data_volume",
            "aws_eip.ethereum_node",
            "aws_iam_instance_profile.instance_profile",
            "aws_iam_role.instance_role",
            "aws_instance.ethereum_node",
            "aws_route53_zone.internal_zone",
            "aws_security_group.ethereum_node",
            "data.aws_iam_policy_document.instance_assume_role",
            "data.cloudinit_config.ethereum_node",
            "module.vpc.aws_subnet.public",
            "module.vpc.aws_vpc.this",
            "module.vpc.aws_vpc_ipv4_cidr_block_association.this"
          ]
        }
      ]
    },
    {
      "mode": "managed",
      "type": "aws_volume_attachment",
      "name": "prysm_beacon_data_volume",
      "provider": "provider[\"registry.terraform.io/hashicorp/aws\"]",
      "instances": [
        {
          "schema_version": 0,
          "attributes": {
            "device_name": "/dev/sdh",
            "force_detach": null,
            "id": "vai-2505731714",
            "instance_id": "i-0d3d077e92982cb08",
            "region": "us-east-1",
            "skip_destroy": null,
            "stop_instance_before_detaching": null,
            "timeouts": null,
            "volume_id": "vol-0bb664f40af28e263"
          },
          "sensitive_attributes": [],
          "private": "eyJlMmJmYjczMC1lY2FhLTExZTYtOGY4OC0zNDM2M2JjN2M0YzAiOnsiY3JlYXRlIjozMDAwMDAwMDAwMDAsImRlbGV0ZSI6MzAwMDAwMDAwMDAwfX0=",
          "dependencies": [
            "aws_ebs_volume.geth_data_volume",
            "aws_ebs_volume.prysm_beacon_data_volume",
            "aws_eip.ethereum_node",
            "aws_iam_instance_profile.instance_profile",
            "aws_iam_role.instance_role",
            "aws_instance.ethereum_node",
            "aws_route53_zone.internal_zone",
            "aws_security_group.ethereum_node",
            "data.aws_iam_policy_document.instance_assume_role",
            "data.cloudinit_config.ethereum_node",
            "module.vpc.aws_subnet.public",
            "module.vpc.aws_vpc.this",
            "module.vpc.aws_vpc_ipv4_cidr_block_association.this"
          ]
        }
      ]
    },
    {
      "mode": "managed",
      "type": "aws_volume_attachment",
      "name": "prysm_validator_data_volume",
      "provider": "provider[\"registry.terraform.io/hashicorp/aws\"]",
      "instances": [
        {
          "schema_version": 0,
          "attributes": {
            "device_name": "/dev/sdg",
            "force_detach": null,
            "id": "vai-3976614414",
            "instance_id": "i-067a14bfba5512ef4",
            "region": "us-east-1",
            "skip_destroy": null,
            "stop_instance_before_detaching": null,
            "timeouts": null,
            "volume_id": "vol-0379b706257f3707e"
          },
          "sensitive_attributes": [],
          "private": "eyJlMmJmYjczMC1lY2FhLTExZTYtOGY4OC0zNDM2M2JjN2M0YzAiOnsiY3JlYXRlIjozMDAwMDAwMDAwMDAsImRlbGV0ZSI6MzAwMDAwMDAwMDAwfX0=",
          "dependencies": [
            "aws_ebs_volume.prysm_validator_data_volume",
            "aws_iam_instance_profile.instance_profile",
            "aws_iam_role.instance_role",
            "aws_instance.ethereum_validator",
            "aws_route53_zone.internal_zone",
            "aws_security_group.ethereum_validator",
            "data.aws_iam_policy_document.instance_assume_role",
            "data.cloudinit_config.ethereum_validator",
            "module.vpc.aws_subnet.private",
            "module.vpc.aws_vpc.this",
            "module.vpc.aws_vpc_ipv4_cidr_block_association.this"
          ]
        }
      ]
    },
    {
      "mode": "managed",
      "type": "aws_vpc_security_group_egress_rule",
      "name": "ethereum_node_egress_allow_all",
      "provider": "provider[\"registry.terraform.io/hashicorp/aws\"]",
      "instances": [
        {
          "schema_version": 0,
          "attributes": {
            "arn": "arn:aws:ec2:us-east-1:288234451032:security-group-rule/sgr-0a51bb574c379cd51",
            "cidr_ipv4": "0.0.0.0/0",
            "cidr_ipv6": null,
            "description": null,
            "from_port": null,
            "id": "sgr-0a51bb574c379cd51",
            "ip_protocol": "-1",
            "prefix_list_id": null,
            "referenced_security_group_id": null,
            "region": "us-east-1",
            "security_group_id": "sg-040baf2d6a78e03f2",
            "security_group_rule_id": "sgr-0a51bb574c379cd51",
            "tags": null,
            "tags_all": {
              "Environment": "staking",
              "Terraform": "true"
            },
            "to_port": null
          },
          "sensitive_attributes": [],
          "dependencies": [
            "aws_security_group.ethereum_node",
            "module.vpc.aws_vpc.this"
          ]
        }
      ]
    },
    {
      "mode": "managed",
      "type": "aws_vpc_security_group_egress_rule",
      "name": "ethereum_validator_egress_allow_all",
      "provider": "provider[\"registry.terraform.io/hashicorp/aws\"]",
      "instances": [
        {
          "schema_version": 0,
          "attributes": {
            "arn": "arn:aws:ec2:us-east-1:288234451032:security-group-rule/sgr-04f16e206252b84ac",
            "cidr_ipv4": "0.0.0.0/0",
            "cidr_ipv6": null,
            "description": null,
            "from_port": null,
            "id": "sgr-04f16e206252b84ac",
            "ip_protocol": "-1",
            "prefix_list_id": null,
            "referenced_security_group_id": null,
            "region": "us-east-1",
            "security_group_id": "sg-079492142163db66d",
            "security_group_rule_id": "sgr-04f16e206252b84ac",
            "tags": null,
            "tags_all": {
              "Environment": "staking",
              "Terraform": "true"
            },
            "to_port": null
          },
          "sensitive_attributes": [],
          "dependencies": [
            "aws_security_group.ethereum_validator",
            "module.vpc.aws_vpc.this"
          ]
        }
      ]
    },
    {
      "mode": "managed",
      "type": "aws_vpc_security_group_ingress_rule",
      "name": "ethereum_node_tcp_30303",
      "provider": "provider[\"registry.terraform.io/hashicorp/aws\"]",
      "instances": [
        {
          "schema_version": 0,
          "attributes": {
            "arn": "arn:aws:ec2:us-east-1:288234451032:security-group-rule/sgr-09a33a8aa3696f6e5",
            "cidr_ipv4": "0.0.0.0/0",
            "cidr_ipv6": null,
            "description": null,
            "from_port": 30303,
            "id": "sgr-09a33a8aa3696f6e5",
            "ip_protocol": "tcp",
            "prefix_list_id": null,
            "referenced_security_group_id": null,
            "region": "us-east-1",
            "security_group_id": "sg-040baf2d6a78e03f2",
            "security_group_rule_id": "sgr-09a33a8aa3696f6e5",
            "tags": null,
            "tags_all": {
              "Environment": "staking",
              "Terraform": "true"
            },
            "to_port": 30303
          },
          "sensitive_attributes": [],
          "dependencies": [
            "aws_security_group.ethereum_node",
            "module.vpc.aws_vpc.this"
          ]
        }
      ]
    },
    {
      "mode": "managed",
      "type": "aws_vpc_security_group_ingress_rule",
      "name": "ethereum_node_tcp_4k",
      "provider": "provider[\"registry.terraform.io/hashicorp/aws\"]",
      "instances": [
        {
          "schema_version": 0,
          "attributes": {
            "arn": "arn:aws:ec2:us-east-1:288234451032:security-group-rule/sgr-04024ba43c3e2028d",
            "cidr_ipv4": null,
            "cidr_ipv6": null,
            "description": null,
            "from_port": 4000,
            "id": "sgr-04024ba43c3e2028d",
            "ip_protocol": "tcp",
            "prefix_list_id": null,
            "referenced_security_group_id": "sg-079492142163db66d",
            "region": "us-east-1",
            "security_group_id": "sg-040baf2d6a78e03f2",
            "security_group_rule_id": "sgr-04024ba43c3e2028d",
            "tags": null,
            "tags_all": {
              "Environment": "staking",
              "Terraform": "true"
            },
            "to_port": 4000
          },
          "sensitive_attributes": [],
          "dependencies": [
            "aws_security_group.ethereum_node",
            "aws_security_group.ethereum_validator",
            "module.vpc.aws_vpc.this"
          ]
        }
      ]
    },
    {
      "mode": "managed",
      "type": "aws_vpc_security_group_ingress_rule",
      "name": "ethereum_node_udp_12k",
      "provider": "provider[\"registry.terraform.io/hashicorp/aws\"]",
      "instances": [
        {
          "schema_version": 0,
          "attributes": {
            "arn": "arn:aws:ec2:us-east-1:288234451032:security-group-rule/sgr-0ad57126539bfcdbd",
            "cidr_ipv4": "0.0.0.0/0",
            "cidr_ipv6": null,
            "description": null,
            "from_port": 12000,
            "id": "sgr-0ad57126539bfcdbd",
            "ip_protocol": "udp",
            "prefix_list_id": null,
            "referenced_security_group_id": null,
            "region": "us-east-1",
            "security_group_id": "sg-040baf2d6a78e03f2",
            "security_group_rule_id": "sgr-0ad57126539bfcdbd",
            "tags": null,
            "tags_all": {
              "Environment": "staking",
              "Terraform": "true"
            },
            "to_port": 12000
          },
          "sensitive_attributes": [],
          "dependencies": [
            "aws_security_group.ethereum_node",
            "module.vpc.aws_vpc.this"
          ]
        }
      ]
    },
    {
      "mode": "managed",
      "type": "aws_vpc_security_group_ingress_rule",
      "name": "ethereum_node_udp_13k",
      "provider": "provider[\"registry.terraform.io/hashicorp/aws\"]",
      "instances": [
        {
          "schema_version": 0,
          "attributes": {
            "arn": "arn:aws:ec2:us-east-1:288234451032:security-group-rule/sgr-0bbcffceee6b162f2",
            "cidr_ipv4": "0.0.0.0/0",
            "cidr_ipv6": null,
            "description": null,
            "from_port": 13000,
            "id": "sgr-0bbcffceee6b162f2",
            "ip_protocol": "udp",
            "prefix_list_id": null,
            "referenced_security_group_id": null,
            "region": "us-east-1",
            "security_group_id": "sg-040baf2d6a78e03f2",
            "security_group_rule_id": "sgr-0bbcffceee6b162f2",
            "tags": null,
            "tags_all": {
              "Environment": "staking",
              "Terraform": "true"
            },
            "to_port": 13000
          },
          "sensitive_attributes": [],
          "dependencies": [
            "aws_security_group.ethereum_node",
            "module.vpc.aws_vpc.this"
          ]
        }
      ]
    },
    {
      "mode": "managed",
      "type": "aws_vpc_security_group_ingress_rule",
      "name": "ethereum_node_udp_30303",
      "provider": "provider[\"registry.terraform.io/hashicorp/aws\"]",
      "instances": [
        {
          "schema_version": 0,
          "attributes": {
            "arn": "arn:aws:ec2:us-east-1:288234451032:security-group-rule/sgr-03a3a4c65523ace74",
            "cidr_ipv4": "0.0.0.0/0",
            "cidr_ipv6": null,
            "description": null,
            "from_port": 30303,
            "id": "sgr-03a3a4c65523ace74",
            "ip_protocol": "udp",
            "prefix_list_id": null,
            "referenced_security_group_id": null,
            "region": "us-east-1",
            "security_group_id": "sg-040baf2d6a78e03f2",
            "security_group_rule_id": "sgr-03a3a4c65523ace74",
            "tags": null,
            "tags_all": {
              "Environment": "staking",
              "Terraform": "true"
            },
            "to_port": 30303
          },
          "sensitive_attributes": [],
          "dependencies": [
            "aws_security_group.ethereum_node",
            "module.vpc.aws_vpc.this"
          ]
        }
      ]
    },
    {
      "module": "module.vpc",
      "mode": "managed",
      "type": "aws_default_network_acl",
      "name": "this",
      "provider": "provider[\"registry.terraform.io/hashicorp/aws\"]",
      "instances": [
        {
          "index_key": 0,
          "schema_version": 0,
          "attributes": {
            "arn": "arn:aws:ec2:us-east-1:288234451032:network-acl/acl-039e7fae56f0365e7",
            "default_network_acl_id": "acl-039e7fae56f0365e7",
            "egress": [
              {
                "action": "allow",
                "cidr_block": "",
                "from_port": 0,
                "icmp_code": 0,
                "icmp_type": 0,
                "ipv6_cidr_block": "::/0",
                "protocol": "-1",
                "rule_no": 101,
                "to_port": 0
              },
              {
                "action": "allow",
                "cidr_block": "0.0.0.0/0",
                "from_port": 0,
                "icmp_code": 0,
                "icmp_type": 0,
                "ipv6_cidr_block": "",
                "protocol": "-1",
                "rule_no": 100,
                "to_port": 0
              }
            ],
            "id": "acl-039e7fae56f0365e7",
            "ingress": [
              {
                "action": "allow",
                "cidr_block": "",
                "from_port": 0,
                "icmp_code": 0,
                "icmp_type": 0,
                "ipv6_cidr_block": "::/0",
                "protocol": "-1",
                "rule_no": 101,
                "to_port": 0
              },
              {
                "action": "allow",
                "cidr_block": "0.0.0.0/0",
                "from_port": 0,
                "icmp_code": 0,
                "icmp_type": 0,
                "ipv6_cidr_block": "",
                "protocol": "-1",
                "rule_no": 100,
                "to_port": 0
              }
            ],
            "owner_id": "288234451032",
            "region": "us-east-1",
            "subnet_ids": [
              "subnet-06aaaf4d945c4f0cc",
              "subnet-0e2b9e1747bb25773"
            ],
            "tags": {
              "Name": "blockchain-staking-default"
            },
            "tags_all": {
              "Environment": "staking",
              "Name": "blockchain-staking-default",
              "Terraform": "true"
            },
            "vpc_id": "vpc-097f874bd11050173"
          },
          "sensitive_attributes": [],
          "private": "bnVsbA==",
          "dependencies": [
            "module.vpc.aws_vpc.this"
          ]
        }
      ]
    },
    {
      "module": "module.vpc",
      "mode": "managed",
      "type": "aws_default_route_table",
      "name": "default",
      "provider": "provider[\"registry.terraform.io/hashicorp/aws\"]",
      "instances": [
        {
          "index_key": 0,
          "schema_version": 0,
          "attributes": {
            "arn": "arn:aws:ec2:us-east-1:288234451032:route-table/rtb-04cfb00aac4e6085b",
            "default_route_table_id": "rtb-04cfb00aac4e6085b",
            "id": "rtb-04cfb00aac4e6085b",
            "owner_id": "288234451032",
            "propagating_vgws": [],
            "region": "us-east-1",
            "route": [],
            "tags": {
              "Name": "blockchain-staking-default"
            },
            "tags_all": {
              "Environment": "staking",
              "Name": "blockchain-staking-default",
              "Terraform": "true"
            },
            "timeouts": {
              "create": "5m",
              "update": "5m"
            },
            "vpc_id": "vpc-097f874bd11050173"
          },
          "sensitive_attributes": [],
          "private": "eyJlMmJmYjczMC1lY2FhLTExZTYtOGY4OC0zNDM2M2JjN2M0YzAiOnsiY3JlYXRlIjozMDAwMDAwMDAwMDAsInVwZGF0ZSI6MzAwMDAwMDAwMDAwfX0=",
          "dependencies": [
            "module.vpc.aws_vpc.this"
          ]
        }
      ]
    },
    {
      "module": "module.vpc",
      "mode": "managed",
      "type": "aws_default_security_group",
      "name": "this",
      "provider": "provider[\"registry.terraform.io/hashicorp/aws\"]",
      "instances": [
        {
          "index_key": 0,
          "schema_version": 1,
          "attributes": {
            "arn": "arn:aws:ec2:us-east-1:288234451032:security-group/sg-0eb638656410a7d24",
            "description": "default VPC security group",
            "egress": [],
            "id": "sg-0eb638656410a7d24",
            "ingress": [],
            "name": "default",
            "name_prefix": "",
            "owner_id": "288234451032",
            "region": "us-east-1",
            "revoke_rules_on_delete": false,
            "tags": {
              "Name": "blockchain-staking-default"
            },
            "tags_all": {
              "Environment": "staking",
              "Name": "blockchain-staking-default",
              "Terraform": "true"
            },
            "vpc_id": "vpc-097f874bd11050173"
          },
          "sensitive_attributes": [],
          "private": "eyJzY2hlbWFfdmVyc2lvbiI6IjEifQ==",
          "dependencies": [
            "module.vpc.aws_vpc.this"
          ]
        }
      ]
    },
    {
      "module": "module.vpc",
      "mode": "managed",
      "type": "aws_eip",
      "name": "nat",
      "provider": "provider[\"registry.terraform.io/hashicorp/aws\"]",
      "instances": [
        {
          "index_key": 0,
          "schema_version": 0,
          "attributes": {
            "address": null,
            "allocation_id": "eipalloc-020a63a07ecee35b5",
            "arn": "arn:aws:ec2:us-east-1:288234451032:elastic-ip/eipalloc-020a63a07ecee35b5",
            "associate_with_private_ip": null,
            "association_id": "eipassoc-060563b3e27f5eee3",
            "carrier_ip": "",
            "customer_owned_ip": "",
            "customer_owned_ipv4_pool": "",
            "domain": "vpc",
            "id": "eipalloc-020a63a07ecee35b5",
            "instance": "",
            "ipam_pool_id": null,
            "network_border_group": "us-east-1",
            "network_interface": "eni-0f0c0e9f57167754b",
            "private_dns": "ip-10-0-1-220.ec2.internal",
            "private_ip": "10.0.1.220",
            "ptr_record": "",
            "public_dns": "ec2-3-213-217-32.compute-1.amazonaws.com",
            "public_ip": "3.213.217.32",
            "public_ipv4_pool": "amazon",
            "region": "us-east-1",
            "tags": {
              "Name": "blockchain-staking-us-east-1a"
            },
            "tags_all": {
              "Environment": "staking",
              "Name": "blockchain-staking-us-east-1a",
              "Terraform": "true"
            },
            "timeouts": null
          },
          "sensitive_attributes": [],
          "private": "eyJlMmJmYjczMC1lY2FhLTExZTYtOGY4OC0zNDM2M2JjN2M0YzAiOnsiZGVsZXRlIjoxODAwMDAwMDAwMDAsInJlYWQiOjkwMDAwMDAwMDAwMCwidXBkYXRlIjozMDAwMDAwMDAwMDB9fQ==",
          "dependencies": [
            "module.vpc.aws_internet_gateway.this",
            "module.vpc.aws_vpc.this",
            "module.vpc.aws_vpc_ipv4_cidr_block_association.this"
          ]
        }
      ]
    },
    {
      "module": "module.vpc",
      "mode": "managed",
      "type": "aws_internet_gateway",
      "name": "this",
      "provider": "provider[\"registry.terraform.io/hashicorp/aws\"]",
      "instances": [
        {
          "index_key": 0,
          "schema_version": 0,
          "attributes": {
            "arn": "arn:aws:ec2:us-east-1:288234451032:internet-gateway/igw-0088d3b770de80684",
            "id": "igw-0088d3b770de80684",
            "owner_id": "288234451032",
            "region": "us-east-1",
            "tags": {
              "Name": "blockchain-staking"
            },
            "tags_all": {
              "Environment": "staking",
              "Name": "blockchain-staking",
              "Terraform": "true"
            },
            "timeouts": null,
            "vpc_id": "vpc-097f874bd11050173"
          },
          "sensitive_attributes": [],
          "private": "eyJlMmJmYjczMC1lY2FhLTExZTYtOGY4OC0zNDM2M2JjN2M0YzAiOnsiY3JlYXRlIjoxMjAwMDAwMDAwMDAwLCJkZWxldGUiOjEyMDAwMDAwMDAwMDAsInVwZGF0ZSI6MTIwMDAwMDAwMDAwMH19",
          "dependencies": [
            "module.vpc.aws_vpc.this",
            "module.vpc.aws_vpc_ipv4_cidr_block_association.this"
          ]
        }
      ]
    },
    {
      "module": "module.vpc",
      "mode": "managed",
      "type": "aws_nat_gateway",
      "name": "this",
      "provider": "provider[\"registry.terraform.io/hashicorp/aws\"]",
      "instances": [
        {
          "index_key": 0,
          "schema_version": 0,
          "attributes": {
            "allocation_id": "eipalloc-020a63a07ecee35b5",
            "association_id": "eipassoc-060563b3e27f5eee3",
            "auto_provision_zones": null,
            "auto_scaling_ips": null,
            "availability_mode": "zonal",
            "availability_zone_address": [],
            "connectivity_type": "public",
            "id": "nat-0aa0bfe924b97cb2f",
            "network_interface_id": "eni-0f0c0e9f57167754b",
            "private_ip": "10.0.1.220",
            "public_ip": "3.213.217.32",
            "region": "us-east-1",
            "regional_nat_gateway_address": [],
            "regional_nat_gateway_auto_mode": null,
            "route_table_id": null,
            "secondary_allocation_ids": [],
            "secondary_private_ip_address_count": 0,
            "secondary_private_ip_addresses": [],
            "subnet_id": "subnet-0e2b9e1747bb25773",
            "tags": {
              "Name": "blockchain-staking-us-east-1a"
            },
            "tags_all": {
              "Environment": "staking",
              "Name": "blockchain-staking-us-east-1a",
              "Terraform": "true"
            },
            "timeouts": null,
            "vpc_id": "vpc-097f874bd11050173"
          },
          "sensitive_attributes": [],
          "private": "eyJlMmJmYjczMC1lY2FhLTExZTYtOGY4OC0zNDM2M2JjN2M0YzAiOnsiY3JlYXRlIjo2MDAwMDAwMDAwMDAsImRlbGV0ZSI6MTgwMDAwMDAwMDAwMCwidXBkYXRlIjo2MDAwMDAwMDAwMDB9fQ==",
          "dependencies": [
            "module.vpc.aws_eip.nat",
            "module.vpc.aws_internet_gateway.this",
            "module.vpc.aws_subnet.public",
            "module.vpc.aws_vpc.this",
            "module.vpc.aws_vpc_ipv4_cidr_block_association.this"
          ]
        }
      ]
    },
    {
      "module": "module.vpc",
      "mode": "managed",
      "type": "aws_route",
      "name": "private_nat_gateway",
      "provider": "provider[\"registry.terraform.io/hashicorp/aws\"]",
      "instances": [
        {
          "index_key": 0,
          "schema_version": 0,
          "attributes": {
            "carrier_gateway_id": "",
            "core_network_arn": "",
            "destination_cidr_block": "0.0.0.0/0",
            "destination_ipv6_cidr_block": "",
            "destination_prefix_list_id": "",
            "egress_only_gateway_id": "",
            "gateway_id": "",
            "id": "r-rtb-0a88aab45fe92f7f21080289494",
            "instance_id": "",
            "instance_owner_id": "",
            "local_gateway_id": "",
            "nat_gateway_id": "nat-0aa0bfe924b97cb2f",
            "network_interface_id": "",
            "origin": "CreateRoute",
            "region": "us-east-1",
            "route_table_id": "rtb-0a88aab45fe92f7f2",
            "state": "active",
            "timeouts": {
              "create": "5m",
              "delete": null,
              "update": null
            },
            "transit_gateway_id": "",
            "vpc_endpoint_id": "",
            "vpc_peering_connection_id": ""
          },
          "sensitive_attributes": [],
          "private": "eyJlMmJmYjczMC1lY2FhLTExZTYtOGY4OC0zNDM2M2JjN2M0YzAiOnsiY3JlYXRlIjozMDAwMDAwMDAwMDAsImRlbGV0ZSI6MzAwMDAwMDAwMDAwLCJ1cGRhdGUiOjEyMDAwMDAwMDAwMH19",
          "dependencies": [
            "module.vpc.aws_eip.nat",
            "module.vpc.aws_internet_gateway.this",
            "module.vpc.aws_nat_gateway.this",
            "module.vpc.aws_route_table.private",
            "module.vpc.aws_subnet.public",
            "module.vpc.aws_vpc.this",
            "module.vpc.aws_vpc_ipv4_cidr_block_association.this"
          ]
        }
      ]
    },
    {
      "module": "module.vpc",
      "mode": "managed",
      "type": "aws_route",
      "name": "public_internet_gateway",
      "provider": "provider[\"registry.terraform.io/hashicorp/aws\"]",
      "instances": [
        {
          "index_key": 0,
          "schema_version": 0,
          "attributes": {
            "carrier_gateway_id": "",
            "core_network_arn": "",
            "destination_cidr_block": "0.0.0.0/0",
            "destination_ipv6_cidr_block": "",
            "destination_prefix_list_id": "",
            "egress_only_gateway_id": "",
            "gateway_id": "igw-0088d3b770de80684",
            "id": "r-rtb-075d9fa97b6c8c3601080289494",
            "instance_id": "",
            "instance_owner_id": "",
            "local_gateway_id": "",
            "nat_gateway_id": "",
            "network_interface_id": "",
            "origin": "CreateRoute",
            "region": "us-east-1",
            "route_table_id": "rtb-075d9fa97b6c8c360",
            "state": "active",
            "timeouts": {
              "create": "5m",
              "delete": null,
              "update": null
            },
            "transit_gateway_id": "",
            "vpc_endpoint_id": "",
            "vpc_peering_connection_id": ""
          },
          "sensitive_attributes": [],
          "private": "eyJlMmJmYjczMC1lY2FhLTExZTYtOGY4OC0zNDM2M2JjN2M0YzAiOnsiY3JlYXRlIjozMDAwMDAwMDAwMDAsImRlbGV0ZSI6MzAwMDAwMDAwMDAwLCJ1cGRhdGUiOjEyMDAwMDAwMDAwMH19",
          "dependencies": [
            "module.vpc.aws_internet_gateway.this",
            "module.vpc.aws_route_table.public",
            "module.vpc.aws_vpc.this",
            "module.vpc.aws_vpc_ipv4_cidr_block_association.this"
          ]
        }
      ]
    },
    {
      "module": "module.vpc",
      "mode": "managed",
      "type": "aws_route_table",
      "name": "private",
      "provider": "provider[\"registry.terraform.io/hashicorp/aws\"]",
      "instances": [
        {
          "index_key": 0,
          "schema_version": 0,
          "attributes": {
            "arn": "arn:aws:ec2:us-east-1:288234451032:route-table/rtb-0a88aab45fe92f7f2",
            "id": "rtb-0a88aab45fe92f7f2",
            "owner_id": "288234451032",
            "propagating_vgws": [],
            "region": "us-east-1",
            "route": [
              {
                "carrier_gateway_id": "",
                "cidr_block": "0.0.0.0/0",
                "core_network_arn": "",
                "destination_prefix_list_id": "",
                "egress_only_gateway_id": "",
                "gateway_id": "",
                "ipv6_cidr_block": "",
                "local_gateway_id": "",
                "nat_gateway_id": "nat-0aa0bfe924b97cb2f",
                "network_interface_id": "",
                "transit_gateway_id": "",
                "vpc_endpoint_id": "",
                "vpc_peering_connection_id": ""
              }
            ],
            "tags": {
              "Name": "blockchain-staking-private"
            },
            "tags_all": {
              "Environment": "staking",
              "Name": "blockchain-staking-private",
              "Terraform": "true"
            },
            "timeouts": null,
            "vpc_id": "vpc-097f874bd11050173"
          },
          "sensitive_attributes": [],
          "private": "eyJlMmJmYjczMC1lY2FhLTExZTYtOGY4OC0zNDM2M2JjN2M0YzAiOnsiY3JlYXRlIjozMDAwMDAwMDAwMDAsImRlbGV0ZSI6MzAwMDAwMDAwMDAwLCJ1cGRhdGUiOjEyMDAwMDAwMDAwMH19",
          "dependencies": [
            "module.vpc.aws_vpc.this",
            "module.vpc.aws_vpc_ipv4_cidr_block_association.this"
          ]
        }
      ]
    },
    {
      "module": "module.vpc",
      "mode": "managed",
      "type": "aws_route_table",
      "name": "public",
      "provider": "provider[\"registry.terraform.io/hashicorp/aws\"]",
      "instances": [
        {
          "index_key": 0,
          "schema_version": 0,
          "attributes": {
            "arn": "arn:aws:ec2:us-east-1:288234451032:route-table/rtb-075d9fa97b6c8c360",
            "id": "rtb-075d9fa97b6c8c360",
            "owner_id": "288234451032",
            "propagating_vgws": [],
            "region": "us-east-1",
            "route": [
              {
                "carrier_gateway_id": "",
                "cidr_block": "0.0.0.0/0",
                "core_network_arn": "",
                "destination_prefix_list_id": "",
                "egress_only_gateway_id": "",
                "gateway_id": "igw-0088d3b770de80684",
                "ipv6_cidr_block": "",
                "local_gateway_id": "",
                "nat_gateway_id": "",
                "network_interface_id": "",
                "transit_gateway_id": "",
                "vpc_endpoint_id": "",
                "vpc_peering_connection_id": ""
              }
            ],
            "tags": {
              "Name": "blockchain-staking-public"
            },
            "tags_all": {
              "Environment": "staking",
              "Name": "blockchain-staking-public",
              "Terraform": "true"
            },
            "timeouts": null,
            "vpc_id": "vpc-097f874bd11050173"
          },
          "sensitive_attributes": [],
          "private": "eyJlMmJmYjczMC1lY2FhLTExZTYtOGY4OC0zNDM2M2JjN2M0YzAiOnsiY3JlYXRlIjozMDAwMDAwMDAwMDAsImRlbGV0ZSI6MzAwMDAwMDAwMDAwLCJ1cGRhdGUiOjEyMDAwMDAwMDAwMH19",
          "dependencies": [
            "module.vpc.aws_vpc.this",
            "module.vpc.aws_vpc_ipv4_cidr_block_association.this"
          ]
        }
      ]
    },
    {
      "module": "module.vpc",
      "mode": "managed",
      "type": "aws_route_table_association",
      "name": "private",
      "provider": "provider[\"registry.terraform.io/hashicorp/aws\"]",
      "instances": [
        {
          "index_key": 0,
          "schema_version": 0,
          "attributes": {
            "gateway_id": "",
            "id": "rtbassoc-0bc5a7064e619143a",
            "region": "us-east-1",
            "route_table_id": "rtb-0a88aab45fe92f7f2",
            "subnet_id": "subnet-06aaaf4d945c4f0cc",
            "timeouts": null
          },
          "sensitive_attributes": [],
          "private": "eyJlMmJmYjczMC1lY2FhLTExZTYtOGY4OC0zNDM2M2JjN2M0YzAiOnsiY3JlYXRlIjozMDAwMDAwMDAwMDAsImRlbGV0ZSI6MzAwMDAwMDAwMDAwLCJ1cGRhdGUiOjEyMDAwMDAwMDAwMH19",
          "dependencies": [
            "module.vpc.aws_route_table.private",
            "module.vpc.aws_subnet.private",
            "module.vpc.aws_vpc.this",
            "module.vpc.aws_vpc_ipv4_cidr_block_association.this"
          ]
        }
      ]
    },
    {
      "module": "module.vpc",
      "mode": "managed",
      "type": "aws_route_table_association",
      "name": "public",
      "provider": "provider[\"registry.terraform.io/hashicorp/aws\"]",
      "instances": [
        {
          "index_key": 0,
          "schema_version": 0,
          "attributes": {
            "gateway_id": "",
            "id": "rtbassoc-0adef15150d9923d8",
            "region": "us-east-1",
            "route_table_id": "rtb-075d9fa97b6c8c360",
            "subnet_id": "subnet-0e2b9e1747bb25773",
            "timeouts": null
          },
          "sensitive_attributes": [],
          "private": "eyJlMmJmYjczMC1lY2FhLTExZTYtOGY4OC0zNDM2M2JjN2M0YzAiOnsiY3JlYXRlIjozMDAwMDAwMDAwMDAsImRlbGV0ZSI6MzAwMDAwMDAwMDAwLCJ1cGRhdGUiOjEyMDAwMDAwMDAwMH19",
          "dependencies": [
            "module.vpc.aws_route_table.public",
            "module.vpc.aws_subnet.public",
            "module.vpc.aws_vpc.this",
            "module.vpc.aws_vpc_ipv4_cidr_block_association.this"
          ]
        }
      ]
    },
    {
      "module": "module.vpc",
      "mode": "managed",
      "type": "aws_subnet",
      "name": "private",
      "provider": "provider[\"registry.terraform.io/hashicorp/aws\"]",
      "instances": [
        {
          "index_key": 0,
          "schema_version": 1,
          "attributes": {
            "arn": "arn:aws:ec2:us-east-1:288234451032:subnet/subnet-06aaaf4d945c4f0cc",
            "assign_ipv6_address_on_creation": false,
            "availability_zone": "us-east-1a",
            "availability_zone_id": "use1-az2",
            "cidr_block": "10.0.128.0/24",
            "customer_owned_ipv4_pool": "",
            "enable_dns64": false,
            "enable_lni_at_device_index": 0,
            "enable_resource_name_dns_a_record_on_launch": false,
            "enable_resource_name_dns_aaaa_record_on_launch": false,
            "id": "subnet-06aaaf4d945c4f0cc",
            "ipv4_ipam_pool_id": null,
            "ipv4_netmask_length": null,
            "ipv6_cidr_block": "",
            "ipv6_cidr_block_association_id": "",
            "ipv6_ipam_pool_id": null,
            "ipv6_native": false,
            "ipv6_netmask_length": null,
            "map_customer_owned_ip_on_launch": false,
            "map_public_ip_on_launch": false,
            "outpost_arn": "",
            "owner_id": "288234451032",
            "private_dns_hostname_type_on_launch": "ip-name",
            "region": "us-east-1",
            "tags": {
              "Name": "blockchain-staking-private-us-east-1a"
            },
            "tags_all": {
              "Environment": "staking",
              "Name": "blockchain-staking-private-us-east-1a",
              "Terraform": "true"
            },
            "timeouts": null,
            "vpc_id": "vpc-097f874bd11050173"
          },
          "sensitive_attributes": [],
          "private": "eyJlMmJmYjczMC1lY2FhLTExZTYtOGY4OC0zNDM2M2JjN2M0YzAiOnsiY3JlYXRlIjo2MDAwMDAwMDAwMDAsImRlbGV0ZSI6MTIwMDAwMDAwMDAwMH0sInNjaGVtYV92ZXJzaW9uIjoiMSJ9",
          "dependencies": [
            "module.vpc.aws_vpc.this",
            "module.vpc.aws_vpc_ipv4_cidr_block_association.this"
          ]
        }
      ]
    },
    {
      "module": "module.vpc",
      "mode": "managed",
      "type": "aws_subnet",
      "name": "public",
      "provider": "provider[\"registry.terraform.io/hashicorp/aws\"]",
      "instances": [
        {
          "index_key": 0,
          "schema_version": 1,
          "attributes": {
            "arn": "arn:aws:ec2:us-east-1:288234451032:subnet/subnet-0e2b9e1747bb25773",
            "assign_ipv6_address_on_creation": false,
            "availability_zone": "us-east-1a",
            "availability_zone_id": "use1-az2",
            "cidr_block": "10.0.1.0/24",
            "customer_owned_ipv4_pool": "",
            "enable_dns64": false,
            "enable_lni_at_device_index": 0,
            "enable_resource_name_dns_a_record_on_launch": false,
            "enable_resource_name_dns_aaaa_record_on_launch": false,
            "id": "subnet-0e2b9e1747bb25773",
            "ipv4_ipam_pool_id": null,
            "ipv4_netmask_length": null,
            "ipv6_cidr_block": "",
            "ipv6_cidr_block_association_id": "",
            "ipv6_ipam_pool_id": null,
            "ipv6_native": false,
            "ipv6_netmask_length": null,
            "map_customer_owned_ip_on_launch": false,
            "map_public_ip_on_launch": false,
            "outpost_arn": "",
            "owner_id": "288234451032",
            "private_dns_hostname_type_on_launch": "ip-name",
            "region": "us-east-1",
            "tags": {
              "Name": "blockchain-staking-public-us-east-1a"
            },
            "tags_all": {
              "Environment": "staking",
              "Name": "blockchain-staking-public-us-east-1a",
              "Terraform": "true"
            },
            "timeouts": null,
            "vpc_id": "vpc-097f874bd11050173"
          },
          "sensitive_attributes": [],
          "private": "eyJlMmJmYjczMC1lY2FhLTExZTYtOGY4OC0zNDM2M2JjN2M0YzAiOnsiY3JlYXRlIjo2MDAwMDAwMDAwMDAsImRlbGV0ZSI6MTIwMDAwMDAwMDAwMH0sInNjaGVtYV92ZXJzaW9uIjoiMSJ9",
          "dependencies": [
            "module.vpc.aws_vpc.this",
            "module.vpc.aws_vpc_ipv4_cidr_block_association.this"
          ]
        }
      ]
    },
    {
      "module": "module.vpc",
      "mode": "managed",
      "type": "aws_vpc",
      "name": "this",
      "provider": "provider[\"registry.terraform.io/hashicorp/aws\"]",
      "instances": [
        {
          "index_key": 0,
          "schema_version": 1,
          "attributes": {
            "arn": "arn:aws:ec2:us-east-1:288234451032:vpc/vpc-097f874bd11050173",
            "assign_generated_ipv6_cidr_block": false,
            "cidr_block": "10.0.0.0/16",
            "default_network_acl_id": "acl-039e7fae56f0365e7",
            "default_route_table_id": "rtb-04cfb00aac4e6085b",
            "default_security_group_id": "sg-0eb638656410a7d24",
            "dhcp_options_id": "dopt-db593ca1",
            "enable_dns_hostnames": true,
            "enable_dns_support": true,
            "enable_network_address_usage_metrics": false,
            "id": "vpc-097f874bd11050173",
            "instance_tenancy": "default",
            "ipv4_ipam_pool_id": null,
            "ipv4_netmask_length": null,
            "ipv6_association_id": "",
            "ipv6_cidr_block": "",
            "ipv6_cidr_block_network_border_group": "",
            "ipv6_ipam_pool_id": "",
            "ipv6_netmask_length": 0,
            "main_route_table_id": "rtb-04cfb00aac4e6085b",
            "owner_id": "288234451032",
            "region": "us-east-1",
            "tags": {
              "Name": "blockchain-staking"
            },
            "tags_all": {
              "Environment": "staking",
              "Name": "blockchain-staking",
              "Terraform": "true"
            }
          },
          "sensitive_attributes": [],
          "private": "eyJzY2hlbWFfdmVyc2lvbiI6IjEifQ=="
        }
      ]
    }
  ]
}
